// !$*UTF8*$!
{
	archiveVersion = 1;
	classes = {
	};
	objectVersion = 56;
	objects = {

/* Begin PBXBuildFile section */
		A70651B02B49E1C000A6CE3A /* FollowersView.swift in Sources */ = {isa = PBXBuildFile; fileRef = A70651AF2B49E1C000A6CE3A /* FollowersView.swift */; };
		A70651B22B49F16800A6CE3A /* FollowingView.swift in Sources */ = {isa = PBXBuildFile; fileRef = A70651B12B49F16800A6CE3A /* FollowingView.swift */; };
		A70651B42B4A02F000A6CE3A /* FollowsResultCell.swift in Sources */ = {isa = PBXBuildFile; fileRef = A70651B32B4A02F000A6CE3A /* FollowsResultCell.swift */; };
		A70651B62B4A251F00A6CE3A /* CreatePostMasterView.swift in Sources */ = {isa = PBXBuildFile; fileRef = A70651B52B4A251F00A6CE3A /* CreatePostMasterView.swift */; };
		A70651B92B4A273700A6CE3A /* PostPreview.swift in Sources */ = {isa = PBXBuildFile; fileRef = A70651B82B4A273700A6CE3A /* PostPreview.swift */; };
		A70651BC2B4A2A4E00A6CE3A /* PostPreviewImages.swift in Sources */ = {isa = PBXBuildFile; fileRef = A70651BB2B4A2A4E00A6CE3A /* PostPreviewImages.swift */; };
		A70651BE2B4A418F00A6CE3A /* ProgressWheel.swift in Sources */ = {isa = PBXBuildFile; fileRef = A70651BD2B4A418F00A6CE3A /* ProgressWheel.swift */; };
		A70651C02B4A5A7200A6CE3A /* MiniEventCell.swift in Sources */ = {isa = PBXBuildFile; fileRef = A70651BF2B4A5A7200A6CE3A /* MiniEventCell.swift */; };
		A70651C42B4A619800A6CE3A /* CreatePostMasterTextBox.swift in Sources */ = {isa = PBXBuildFile; fileRef = A70651C32B4A619800A6CE3A /* CreatePostMasterTextBox.swift */; };
		A742A9C12B4BCE9500F956B7 /* GoogleService-Info.plist in Resources */ = {isa = PBXBuildFile; fileRef = A742A9C02B4BCE9500F956B7 /* GoogleService-Info.plist */; };
		A742A9C32B4C93FE00F956B7 /* NewUserWelcomeView.swift in Sources */ = {isa = PBXBuildFile; fileRef = A742A9C22B4C93FE00F956B7 /* NewUserWelcomeView.swift */; };
		A742A9C52B4CD3AA00F956B7 /* NotificationsSettingsView.swift in Sources */ = {isa = PBXBuildFile; fileRef = A742A9C42B4CD3AA00F956B7 /* NotificationsSettingsView.swift */; };
		A742A9C72B4D20CE00F956B7 /* UserNotificationSettings.swift in Sources */ = {isa = PBXBuildFile; fileRef = A742A9C62B4D20CE00F956B7 /* UserNotificationSettings.swift */; };
		A742A9CB2B4DBD9B00F956B7 /* UserFavoriteSports.swift in Sources */ = {isa = PBXBuildFile; fileRef = A742A9CA2B4DBD9B00F956B7 /* UserFavoriteSports.swift */; };
		A74BA8772B4779A200F62D08 /* User.swift in Sources */ = {isa = PBXBuildFile; fileRef = A74BA86C2B4779A100F62D08 /* User.swift */; };
		A74BA87A2B4779A200F62D08 /* Follow.swift in Sources */ = {isa = PBXBuildFile; fileRef = A74BA86F2B4779A100F62D08 /* Follow.swift */; };
		A74BA87B2B4779A200F62D08 /* Comment.swift in Sources */ = {isa = PBXBuildFile; fileRef = A74BA8702B4779A100F62D08 /* Comment.swift */; };
		A74BA87C2B4779A200F62D08 /* Event.swift in Sources */ = {isa = PBXBuildFile; fileRef = A74BA8712B4779A100F62D08 /* Event.swift */; };
		A74BA87D2B4779A200F62D08 /* CommentLike.swift in Sources */ = {isa = PBXBuildFile; fileRef = A74BA8722B4779A100F62D08 /* CommentLike.swift */; };
		A74BA87E2B4779A200F62D08 /* Post.swift in Sources */ = {isa = PBXBuildFile; fileRef = A74BA8732B4779A100F62D08 /* Post.swift */; };
		A74BA8802B4779A200F62D08 /* Team.swift in Sources */ = {isa = PBXBuildFile; fileRef = A74BA8752B4779A100F62D08 /* Team.swift */; };
		A74BA8812B4779A200F62D08 /* PostLike.swift in Sources */ = {isa = PBXBuildFile; fileRef = A74BA8762B4779A200F62D08 /* PostLike.swift */; };
		A74BA8842B4779BF00F62D08 /* Kingfisher in Frameworks */ = {isa = PBXBuildFile; productRef = A74BA8832B4779BF00F62D08 /* Kingfisher */; };
		A74BA8872B4779DB00F62D08 /* CropViewController in Frameworks */ = {isa = PBXBuildFile; productRef = A74BA8862B4779DB00F62D08 /* CropViewController */; };
		A74BA8892B4779DB00F62D08 /* TOCropViewController in Frameworks */ = {isa = PBXBuildFile; productRef = A74BA8882B4779DB00F62D08 /* TOCropViewController */; };
		A74BA8942B477A6E00F62D08 /* Dimensions.swift in Sources */ = {isa = PBXBuildFile; fileRef = A74BA8912B477A6E00F62D08 /* Dimensions.swift */; };
		A74BA8952B477A6E00F62D08 /* IGTextFieldModifier.swift in Sources */ = {isa = PBXBuildFile; fileRef = A74BA8922B477A6E00F62D08 /* IGTextFieldModifier.swift */; };
		A74BA8962B477A6E00F62D08 /* Theme.swift in Sources */ = {isa = PBXBuildFile; fileRef = A74BA8932B477A6E00F62D08 /* Theme.swift */; };
		A74BA89D2B477A9B00F62D08 /* PostService.swift in Sources */ = {isa = PBXBuildFile; fileRef = A74BA8972B477A9B00F62D08 /* PostService.swift */; };
		A74BA89E2B477A9B00F62D08 /* CommentService.swift in Sources */ = {isa = PBXBuildFile; fileRef = A74BA8982B477A9B00F62D08 /* CommentService.swift */; };
		A74BA89F2B477A9B00F62D08 /* UserService.swift in Sources */ = {isa = PBXBuildFile; fileRef = A74BA8992B477A9B00F62D08 /* UserService.swift */; };
		A74BA8A02B477A9B00F62D08 /* SearchService.swift in Sources */ = {isa = PBXBuildFile; fileRef = A74BA89A2B477A9B00F62D08 /* SearchService.swift */; };
		A74BA8A12B477A9B00F62D08 /* AuthService.swift in Sources */ = {isa = PBXBuildFile; fileRef = A74BA89B2B477A9B00F62D08 /* AuthService.swift */; };
		A74BA8A22B477A9B00F62D08 /* FetchService.swift in Sources */ = {isa = PBXBuildFile; fileRef = A74BA89C2B477A9B00F62D08 /* FetchService.swift */; };
		A74BA8A72B477AB400F62D08 /* UploadComment.swift in Sources */ = {isa = PBXBuildFile; fileRef = A74BA8A32B477AB400F62D08 /* UploadComment.swift */; };
		A74BA8A82B477AB400F62D08 /* UploadPost.swift in Sources */ = {isa = PBXBuildFile; fileRef = A74BA8A42B477AB400F62D08 /* UploadPost.swift */; };
		A74BA8A92B477AB400F62D08 /* UploadProfileImage.swift in Sources */ = {isa = PBXBuildFile; fileRef = A74BA8A52B477AB400F62D08 /* UploadProfileImage.swift */; };
		A74BA8AA2B477AB400F62D08 /* ImageUploader.swift in Sources */ = {isa = PBXBuildFile; fileRef = A74BA8A62B477AB400F62D08 /* ImageUploader.swift */; };
		A74BA8B22B477ADD00F62D08 /* Checks.swift in Sources */ = {isa = PBXBuildFile; fileRef = A74BA8AB2B477ADC00F62D08 /* Checks.swift */; };
		A74BA8B32B477ADD00F62D08 /* CropImageViewController.swift in Sources */ = {isa = PBXBuildFile; fileRef = A74BA8AC2B477ADC00F62D08 /* CropImageViewController.swift */; };
		A74BA8B42B477ADD00F62D08 /* DateFormatter.swift in Sources */ = {isa = PBXBuildFile; fileRef = A74BA8AD2B477ADC00F62D08 /* DateFormatter.swift */; };
		A74BA8B52B477ADD00F62D08 /* HideKeyboard.swift in Sources */ = {isa = PBXBuildFile; fileRef = A74BA8AE2B477ADC00F62D08 /* HideKeyboard.swift */; };
		A74BA8B62B477ADD00F62D08 /* CropProfileImageViewController.swift in Sources */ = {isa = PBXBuildFile; fileRef = A74BA8AF2B477ADC00F62D08 /* CropProfileImageViewController.swift */; };
		A74BA8B72B477ADD00F62D08 /* ErrorMessageStrings.swift in Sources */ = {isa = PBXBuildFile; fileRef = A74BA8B02B477ADC00F62D08 /* ErrorMessageStrings.swift */; };
		A74BA8B82B477ADD00F62D08 /* DeepLink.swift in Sources */ = {isa = PBXBuildFile; fileRef = A74BA8B12B477ADD00F62D08 /* DeepLink.swift */; };
		A74BA8C32B477C4700F62D08 /* UserResultCell.swift in Sources */ = {isa = PBXBuildFile; fileRef = A74BA8BD2B477C4700F62D08 /* UserResultCell.swift */; };
		A74BA8C52B477C4700F62D08 /* CommentCell.swift in Sources */ = {isa = PBXBuildFile; fileRef = A74BA8BF2B477C4700F62D08 /* CommentCell.swift */; };
		A74BA8C62B477C4700F62D08 /* EventsHorizontalScroll.swift in Sources */ = {isa = PBXBuildFile; fileRef = A74BA8C02B477C4700F62D08 /* EventsHorizontalScroll.swift */; };
		A74BA8C72B477C4700F62D08 /* EventCell.swift in Sources */ = {isa = PBXBuildFile; fileRef = A74BA8C12B477C4700F62D08 /* EventCell.swift */; };
		A74BA8C82B477C4700F62D08 /* SquareProfilePicture.swift in Sources */ = {isa = PBXBuildFile; fileRef = A74BA8C22B477C4700F62D08 /* SquareProfilePicture.swift */; };
		A74BA8EC2B478E2C00F62D08 /* MainTabControllerView.swift in Sources */ = {isa = PBXBuildFile; fileRef = A74BA8EB2B478E2C00F62D08 /* MainTabControllerView.swift */; };
		A74BA8F02B478E6E00F62D08 /* UserFeedView.swift in Sources */ = {isa = PBXBuildFile; fileRef = A74BA8EF2B478E6E00F62D08 /* UserFeedView.swift */; };
		A74BA8FB2B478EA500F62D08 /* UserProfileView.swift in Sources */ = {isa = PBXBuildFile; fileRef = A74BA8F82B478EA500F62D08 /* UserProfileView.swift */; };
		A74BA8FC2B478EA500F62D08 /* EditProfileView.swift in Sources */ = {isa = PBXBuildFile; fileRef = A74BA8F92B478EA500F62D08 /* EditProfileView.swift */; };
		A74BA8FD2B478EA500F62D08 /* ProfileHeader.swift in Sources */ = {isa = PBXBuildFile; fileRef = A74BA8FA2B478EA500F62D08 /* ProfileHeader.swift */; };
		A74BA9002B478EDB00F62D08 /* FirstOpenView.swift in Sources */ = {isa = PBXBuildFile; fileRef = A74BA8FF2B478EDB00F62D08 /* FirstOpenView.swift */; };
		A74BA9062B478EF200F62D08 /* WelcomeView.swift in Sources */ = {isa = PBXBuildFile; fileRef = A74BA9022B478EF100F62D08 /* WelcomeView.swift */; };
		A74BA9072B478EF200F62D08 /* CreateAccountView.swift in Sources */ = {isa = PBXBuildFile; fileRef = A74BA9032B478EF100F62D08 /* CreateAccountView.swift */; };
		A74BA9082B478EF200F62D08 /* CreateAccountControllerView.swift in Sources */ = {isa = PBXBuildFile; fileRef = A74BA9042B478EF200F62D08 /* CreateAccountControllerView.swift */; };
		A74BA9092B478EF200F62D08 /* SelectUsernameView.swift in Sources */ = {isa = PBXBuildFile; fileRef = A74BA9052B478EF200F62D08 /* SelectUsernameView.swift */; };
		A74BA90F2B478F0700F62D08 /* SelectUsernameAltView.swift in Sources */ = {isa = PBXBuildFile; fileRef = A74BA90B2B478F0700F62D08 /* SelectUsernameAltView.swift */; };
		A74BA9102B478F0700F62D08 /* LoginView.swift in Sources */ = {isa = PBXBuildFile; fileRef = A74BA90C2B478F0700F62D08 /* LoginView.swift */; };
		A74BA9112B478F0700F62D08 /* LoginControllerView.swift in Sources */ = {isa = PBXBuildFile; fileRef = A74BA90D2B478F0700F62D08 /* LoginControllerView.swift */; };
		A74BA9122B478F0700F62D08 /* WelcomeAltView.swift in Sources */ = {isa = PBXBuildFile; fileRef = A74BA90E2B478F0700F62D08 /* WelcomeAltView.swift */; };
		A74BA9172B478F5C00F62D08 /* AltProfileHeader.swift in Sources */ = {isa = PBXBuildFile; fileRef = A74BA9152B478F5C00F62D08 /* AltProfileHeader.swift */; };
		A74BA9182B478F5C00F62D08 /* AltUserProfileView.swift in Sources */ = {isa = PBXBuildFile; fileRef = A74BA9162B478F5C00F62D08 /* AltUserProfileView.swift */; };
		A74BA91C2B478F7800F62D08 /* AltPostCellExpanded.swift in Sources */ = {isa = PBXBuildFile; fileRef = A74BA91A2B478F7800F62D08 /* AltPostCellExpanded.swift */; };
		A74BA91D2B478F7800F62D08 /* DeepLinkControllerView.swift in Sources */ = {isa = PBXBuildFile; fileRef = A74BA91B2B478F7800F62D08 /* DeepLinkControllerView.swift */; };
		A74BA9212B478FA100F62D08 /* EmptyFeedView.swift in Sources */ = {isa = PBXBuildFile; fileRef = A74BA91F2B478FA100F62D08 /* EmptyFeedView.swift */; };
		A74BA9222B478FA100F62D08 /* EmptyFeedUserCell.swift in Sources */ = {isa = PBXBuildFile; fileRef = A74BA9202B478FA100F62D08 /* EmptyFeedUserCell.swift */; };
		A74BA9252B478FB800F62D08 /* EventView.swift in Sources */ = {isa = PBXBuildFile; fileRef = A74BA9242B478FB800F62D08 /* EventView.swift */; };
		A74BA9282B478FE100F62D08 /* ExpandedPostCell.swift in Sources */ = {isa = PBXBuildFile; fileRef = A74BA9272B478FE100F62D08 /* ExpandedPostCell.swift */; };
		A74BA9312B478FFE00F62D08 /* PostCellHeader.swift in Sources */ = {isa = PBXBuildFile; fileRef = A74BA92C2B478FFE00F62D08 /* PostCellHeader.swift */; };
		A74BA9322B478FFE00F62D08 /* PostCell.swift in Sources */ = {isa = PBXBuildFile; fileRef = A74BA92D2B478FFE00F62D08 /* PostCell.swift */; };
		A74BA93B2B47902300F62D08 /* PostCellExpandedTextBox.swift in Sources */ = {isa = PBXBuildFile; fileRef = A74BA9352B47902300F62D08 /* PostCellExpandedTextBox.swift */; };
		A74BA93C2B47902300F62D08 /* PostCellExpandedComments.swift in Sources */ = {isa = PBXBuildFile; fileRef = A74BA9362B47902300F62D08 /* PostCellExpandedComments.swift */; };
		A74BA93D2B47902300F62D08 /* PostCellExpandedFooter.swift in Sources */ = {isa = PBXBuildFile; fileRef = A74BA9372B47902300F62D08 /* PostCellExpandedFooter.swift */; };
		A74BA9402B47902300F62D08 /* PostCellExpandedHeader.swift in Sources */ = {isa = PBXBuildFile; fileRef = A74BA93A2B47902300F62D08 /* PostCellExpandedHeader.swift */; };
		A74BA9452B47905300F62D08 /* SelectFavoriteSportsView.swift in Sources */ = {isa = PBXBuildFile; fileRef = A74BA9422B47905200F62D08 /* SelectFavoriteSportsView.swift */; };
		A74BA9462B47905300F62D08 /* AccountInfoView.swift in Sources */ = {isa = PBXBuildFile; fileRef = A74BA9432B47905200F62D08 /* AccountInfoView.swift */; };
		A74BA9472B47905300F62D08 /* SettingsView.swift in Sources */ = {isa = PBXBuildFile; fileRef = A74BA9442B47905300F62D08 /* SettingsView.swift */; };
		A74BA94A2B47905E00F62D08 /* SettingsOption.swift in Sources */ = {isa = PBXBuildFile; fileRef = A74BA9492B47905E00F62D08 /* SettingsOption.swift */; };
		A752E2B42B4773550007842A /* Elo_BookApp.swift in Sources */ = {isa = PBXBuildFile; fileRef = A752E2B32B4773550007842A /* Elo_BookApp.swift */; };
		A752E2BA2B4773560007842A /* Assets.xcassets in Resources */ = {isa = PBXBuildFile; fileRef = A752E2B92B4773560007842A /* Assets.xcassets */; };
		A752E2BD2B4773560007842A /* Preview Assets.xcassets in Resources */ = {isa = PBXBuildFile; fileRef = A752E2BC2B4773560007842A /* Preview Assets.xcassets */; };
		A752E2C72B4775880007842A /* FirebaseAnalytics in Frameworks */ = {isa = PBXBuildFile; productRef = A752E2C62B4775880007842A /* FirebaseAnalytics */; };
		A752E2C92B4775880007842A /* FirebaseAnalyticsOnDeviceConversion in Frameworks */ = {isa = PBXBuildFile; productRef = A752E2C82B4775880007842A /* FirebaseAnalyticsOnDeviceConversion */; };
		A752E2CB2B4775880007842A /* FirebaseAnalyticsSwift in Frameworks */ = {isa = PBXBuildFile; productRef = A752E2CA2B4775880007842A /* FirebaseAnalyticsSwift */; };
		A752E2CD2B4775880007842A /* FirebaseAnalyticsWithoutAdIdSupport in Frameworks */ = {isa = PBXBuildFile; productRef = A752E2CC2B4775880007842A /* FirebaseAnalyticsWithoutAdIdSupport */; };
		A752E2CF2B4775880007842A /* FirebaseAppCheck in Frameworks */ = {isa = PBXBuildFile; productRef = A752E2CE2B4775880007842A /* FirebaseAppCheck */; };
		A752E2D12B4775880007842A /* FirebaseAppDistribution-Beta in Frameworks */ = {isa = PBXBuildFile; productRef = A752E2D02B4775880007842A /* FirebaseAppDistribution-Beta */; };
		A752E2D32B4775880007842A /* FirebaseAuth in Frameworks */ = {isa = PBXBuildFile; productRef = A752E2D22B4775880007842A /* FirebaseAuth */; };
		A752E2D52B4775880007842A /* FirebaseAuthCombine-Community in Frameworks */ = {isa = PBXBuildFile; productRef = A752E2D42B4775880007842A /* FirebaseAuthCombine-Community */; };
		A752E2D72B4775880007842A /* FirebaseCrashlytics in Frameworks */ = {isa = PBXBuildFile; productRef = A752E2D62B4775880007842A /* FirebaseCrashlytics */; };
		A752E2D92B4775880007842A /* FirebaseDatabase in Frameworks */ = {isa = PBXBuildFile; productRef = A752E2D82B4775880007842A /* FirebaseDatabase */; };
		A752E2DB2B4775880007842A /* FirebaseDatabaseSwift in Frameworks */ = {isa = PBXBuildFile; productRef = A752E2DA2B4775880007842A /* FirebaseDatabaseSwift */; };
		A752E2DD2B4775880007842A /* FirebaseDynamicLinks in Frameworks */ = {isa = PBXBuildFile; productRef = A752E2DC2B4775880007842A /* FirebaseDynamicLinks */; };
		A752E2DF2B4775880007842A /* FirebaseFirestore in Frameworks */ = {isa = PBXBuildFile; productRef = A752E2DE2B4775880007842A /* FirebaseFirestore */; };
		A752E2E12B4775880007842A /* FirebaseFirestoreCombine-Community in Frameworks */ = {isa = PBXBuildFile; productRef = A752E2E02B4775880007842A /* FirebaseFirestoreCombine-Community */; };
		A752E2E32B4775880007842A /* FirebaseFirestoreSwift in Frameworks */ = {isa = PBXBuildFile; productRef = A752E2E22B4775880007842A /* FirebaseFirestoreSwift */; };
		A752E2E52B4775880007842A /* FirebaseFunctions in Frameworks */ = {isa = PBXBuildFile; productRef = A752E2E42B4775880007842A /* FirebaseFunctions */; };
		A752E2E72B4775880007842A /* FirebaseFunctionsCombine-Community in Frameworks */ = {isa = PBXBuildFile; productRef = A752E2E62B4775880007842A /* FirebaseFunctionsCombine-Community */; };
		A752E2E92B4775880007842A /* FirebaseInAppMessaging-Beta in Frameworks */ = {isa = PBXBuildFile; productRef = A752E2E82B4775880007842A /* FirebaseInAppMessaging-Beta */; };
		A752E2EB2B4775880007842A /* FirebaseInAppMessagingSwift-Beta in Frameworks */ = {isa = PBXBuildFile; productRef = A752E2EA2B4775880007842A /* FirebaseInAppMessagingSwift-Beta */; };
		A752E2ED2B4775880007842A /* FirebaseInstallations in Frameworks */ = {isa = PBXBuildFile; productRef = A752E2EC2B4775880007842A /* FirebaseInstallations */; };
		A752E2EF2B4775880007842A /* FirebaseMLModelDownloader in Frameworks */ = {isa = PBXBuildFile; productRef = A752E2EE2B4775880007842A /* FirebaseMLModelDownloader */; };
		A752E2F12B4775880007842A /* FirebaseMessaging in Frameworks */ = {isa = PBXBuildFile; productRef = A752E2F02B4775880007842A /* FirebaseMessaging */; };
		A752E2F32B4775880007842A /* FirebasePerformance in Frameworks */ = {isa = PBXBuildFile; productRef = A752E2F22B4775880007842A /* FirebasePerformance */; };
		A752E2F52B4775880007842A /* FirebaseRemoteConfig in Frameworks */ = {isa = PBXBuildFile; productRef = A752E2F42B4775880007842A /* FirebaseRemoteConfig */; };
		A752E2F72B4775880007842A /* FirebaseRemoteConfigSwift in Frameworks */ = {isa = PBXBuildFile; productRef = A752E2F62B4775880007842A /* FirebaseRemoteConfigSwift */; };
		A752E2F92B4775880007842A /* FirebaseStorage in Frameworks */ = {isa = PBXBuildFile; productRef = A752E2F82B4775880007842A /* FirebaseStorage */; };
		A752E2FB2B4775880007842A /* FirebaseStorageCombine-Community in Frameworks */ = {isa = PBXBuildFile; productRef = A752E2FA2B4775880007842A /* FirebaseStorageCombine-Community */; };
		A752E3002B4777170007842A /* LogoView.swift in Sources */ = {isa = PBXBuildFile; fileRef = A752E2FC2B4777160007842A /* LogoView.swift */; };
		A752E3022B4777170007842A /* ContentView.swift in Sources */ = {isa = PBXBuildFile; fileRef = A752E2FE2B4777170007842A /* ContentView.swift */; };
		A752E3072B4778020007842A /* X.swift in Sources */ = {isa = PBXBuildFile; fileRef = A752E3062B4778020007842A /* X.swift */; };
		A7693AAE2B4DE28600286344 /* SearchView2.swift in Sources */ = {isa = PBXBuildFile; fileRef = A7693AAD2B4DE28600286344 /* SearchView2.swift */; };
		A7693AB02B4E03EA00286344 /* UserBadgeSettings.swift in Sources */ = {isa = PBXBuildFile; fileRef = A7693AAF2B4E03EA00286344 /* UserBadgeSettings.swift */; };
		A7693AB22B4E098E00286344 /* SelectBadgesView.swift in Sources */ = {isa = PBXBuildFile; fileRef = A7693AB12B4E098E00286344 /* SelectBadgesView.swift */; };
		A7800E3B2B4E262E00AF8492 /* AlphaTesterBadge.swift in Sources */ = {isa = PBXBuildFile; fileRef = A7800E3A2B4E262E00AF8492 /* AlphaTesterBadge.swift */; };
		A7800E3D2B4E263A00AF8492 /* PublicFigureBadge.swift in Sources */ = {isa = PBXBuildFile; fileRef = A7800E3C2B4E263A00AF8492 /* PublicFigureBadge.swift */; };
		A7800E3F2B4E264500AF8492 /* DegenerateBadge.swift in Sources */ = {isa = PBXBuildFile; fileRef = A7800E3E2B4E264500AF8492 /* DegenerateBadge.swift */; };
		A7800E412B4E276C00AF8492 /* BadgeDiplayer.swift in Sources */ = {isa = PBXBuildFile; fileRef = A7800E402B4E276C00AF8492 /* BadgeDiplayer.swift */; };
		A7ACF8182B4EE92A00192B72 /* NotificationService.swift in Sources */ = {isa = PBXBuildFile; fileRef = A7ACF8172B4EE92A00192B72 /* NotificationService.swift */; };
		A7ACF81B2B4EF43F00192B72 /* PostCellWithStaticHeader.swift in Sources */ = {isa = PBXBuildFile; fileRef = A7ACF81A2B4EF43F00192B72 /* PostCellWithStaticHeader.swift */; };
		A7ACF81D2B4EF48400192B72 /* PostCellWithStaticHeaderHeader.swift in Sources */ = {isa = PBXBuildFile; fileRef = A7ACF81C2B4EF48400192B72 /* PostCellWithStaticHeaderHeader.swift */; };
		A7ACF8202B4EF60800192B72 /* ExpandedPostCellWithStaticHeader.swift in Sources */ = {isa = PBXBuildFile; fileRef = A7ACF81F2B4EF60800192B72 /* ExpandedPostCellWithStaticHeader.swift */; };
		A7ACF8232B4EF62F00192B72 /* ExpandedPostCellWithStaticHeaderHeader.swift in Sources */ = {isa = PBXBuildFile; fileRef = A7ACF8222B4EF62F00192B72 /* ExpandedPostCellWithStaticHeaderHeader.swift */; };
		A7CAC35B2B513E7100199A19 /* Thread.swift in Sources */ = {isa = PBXBuildFile; fileRef = A7CAC35A2B513E7100199A19 /* Thread.swift */; };
		A7CAC35D2B513F4D00199A19 /* Message2.swift in Sources */ = {isa = PBXBuildFile; fileRef = A7CAC35C2B513F4D00199A19 /* Message2.swift */; };
		A7CAC35F2B5140D100199A19 /* UploadMessage.swift in Sources */ = {isa = PBXBuildFile; fileRef = A7CAC35E2B5140D100199A19 /* UploadMessage.swift */; };
		A7CAC3622B514DC700199A19 /* MessageView.swift in Sources */ = {isa = PBXBuildFile; fileRef = A7CAC3612B514DC700199A19 /* MessageView.swift */; };
		A7CAC3662B51523A00199A19 /* CreateNewMessageView.swift in Sources */ = {isa = PBXBuildFile; fileRef = A7CAC3652B51523A00199A19 /* CreateNewMessageView.swift */; };
		A7CAC3692B5157B000199A19 /* CreateNewMessageViewHeader.swift in Sources */ = {isa = PBXBuildFile; fileRef = A7CAC3682B5157B000199A19 /* CreateNewMessageViewHeader.swift */; };
		A7CAC36C2B51588900199A19 /* MessageViewHeader.swift in Sources */ = {isa = PBXBuildFile; fileRef = A7CAC36B2B51588900199A19 /* MessageViewHeader.swift */; };
		A7CAC36E2B51C70B00199A19 /* CreateNewMessageViewReceivingUsers.swift in Sources */ = {isa = PBXBuildFile; fileRef = A7CAC36D2B51C70B00199A19 /* CreateNewMessageViewReceivingUsers.swift */; };
		A7CAC3702B51CFE400199A19 /* CreateNewMessageViewSearchResults.swift in Sources */ = {isa = PBXBuildFile; fileRef = A7CAC36F2B51CFE400199A19 /* CreateNewMessageViewSearchResults.swift */; };
		A7CAC3722B51D0BD00199A19 /* CreateNewMessageViewSearchBar.swift in Sources */ = {isa = PBXBuildFile; fileRef = A7CAC3712B51D0BD00199A19 /* CreateNewMessageViewSearchBar.swift */; };
		A7CAC3752B51E4B300199A19 /* MessageThreadCell.swift in Sources */ = {isa = PBXBuildFile; fileRef = A7CAC3742B51E4B300199A19 /* MessageThreadCell.swift */; };
		A7CAC3782B523A5A00199A19 /* ThreadsManager.swift in Sources */ = {isa = PBXBuildFile; fileRef = A7CAC3772B523A5A00199A19 /* ThreadsManager.swift */; };
		A7CAC37A2B523B1600199A19 /* MessageManager.swift in Sources */ = {isa = PBXBuildFile; fileRef = A7CAC3792B523B1600199A19 /* MessageManager.swift */; };
		A7CAC37C2B524F1F00199A19 /* SquareGroupChatPicture.swift in Sources */ = {isa = PBXBuildFile; fileRef = A7CAC37B2B524F1F00199A19 /* SquareGroupChatPicture.swift */; };
		A7CAC37E2B52502400199A19 /* MessageThreadCellSingle.swift in Sources */ = {isa = PBXBuildFile; fileRef = A7CAC37D2B52502400199A19 /* MessageThreadCellSingle.swift */; };
		A7CAC3802B5257FE00199A19 /* MessageThreadCellGroup.swift in Sources */ = {isa = PBXBuildFile; fileRef = A7CAC37F2B5257FE00199A19 /* MessageThreadCellGroup.swift */; };
		A7EF1F532B4B24EB00B0F12C /* PostImageExpandedView2.swift in Sources */ = {isa = PBXBuildFile; fileRef = A7EF1F522B4B24EB00B0F12C /* PostImageExpandedView2.swift */; };
		A7EF1F562B4B27FF00B0F12C /* PostImageView2.swift in Sources */ = {isa = PBXBuildFile; fileRef = A7EF1F552B4B27FF00B0F12C /* PostImageView2.swift */; };
		A7EF1F582B4B298B00B0F12C /* PostCellBody2.swift in Sources */ = {isa = PBXBuildFile; fileRef = A7EF1F572B4B298B00B0F12C /* PostCellBody2.swift */; };
		A7EF1F5A2B4B2B1000B0F12C /* PostCellExpandedBody2.swift in Sources */ = {isa = PBXBuildFile; fileRef = A7EF1F592B4B2B1000B0F12C /* PostCellExpandedBody2.swift */; };
		A7EF1F5C2B4B2E5D00B0F12C /* PostCellFooter2.swift in Sources */ = {isa = PBXBuildFile; fileRef = A7EF1F5B2B4B2E5D00B0F12C /* PostCellFooter2.swift */; };
		A7EF1F5E2B4B3AAA00B0F12C /* PostImageExpandedCell.swift in Sources */ = {isa = PBXBuildFile; fileRef = A7EF1F5D2B4B3AAA00B0F12C /* PostImageExpandedCell.swift */; };
		A7EF1F622B4B5A2B00B0F12C /* PostImageView3.swift in Sources */ = {isa = PBXBuildFile; fileRef = A7EF1F612B4B5A2B00B0F12C /* PostImageView3.swift */; };
		A7EF1F642B4B625F00B0F12C /* FullLengthPostImageView.swift in Sources */ = {isa = PBXBuildFile; fileRef = A7EF1F632B4B625F00B0F12C /* FullLengthPostImageView.swift */; };
/* End PBXBuildFile section */

/* Begin PBXFileReference section */
		A70651AF2B49E1C000A6CE3A /* FollowersView.swift */ = {isa = PBXFileReference; lastKnownFileType = sourcecode.swift; path = FollowersView.swift; sourceTree = "<group>"; };
		A70651B12B49F16800A6CE3A /* FollowingView.swift */ = {isa = PBXFileReference; lastKnownFileType = sourcecode.swift; path = FollowingView.swift; sourceTree = "<group>"; };
		A70651B32B4A02F000A6CE3A /* FollowsResultCell.swift */ = {isa = PBXFileReference; lastKnownFileType = sourcecode.swift; path = FollowsResultCell.swift; sourceTree = "<group>"; };
		A70651B52B4A251F00A6CE3A /* CreatePostMasterView.swift */ = {isa = PBXFileReference; lastKnownFileType = sourcecode.swift; path = CreatePostMasterView.swift; sourceTree = "<group>"; };
		A70651B82B4A273700A6CE3A /* PostPreview.swift */ = {isa = PBXFileReference; lastKnownFileType = sourcecode.swift; path = PostPreview.swift; sourceTree = "<group>"; };
		A70651BB2B4A2A4E00A6CE3A /* PostPreviewImages.swift */ = {isa = PBXFileReference; lastKnownFileType = sourcecode.swift; path = PostPreviewImages.swift; sourceTree = "<group>"; };
		A70651BD2B4A418F00A6CE3A /* ProgressWheel.swift */ = {isa = PBXFileReference; lastKnownFileType = sourcecode.swift; path = ProgressWheel.swift; sourceTree = "<group>"; };
		A70651BF2B4A5A7200A6CE3A /* MiniEventCell.swift */ = {isa = PBXFileReference; lastKnownFileType = sourcecode.swift; path = MiniEventCell.swift; sourceTree = "<group>"; };
		A70651C32B4A619800A6CE3A /* CreatePostMasterTextBox.swift */ = {isa = PBXFileReference; lastKnownFileType = sourcecode.swift; path = CreatePostMasterTextBox.swift; sourceTree = "<group>"; };
		A742A9BF2B4BAABF00F956B7 /* Elo Book.entitlements */ = {isa = PBXFileReference; lastKnownFileType = text.plist.entitlements; path = "Elo Book.entitlements"; sourceTree = "<group>"; };
		A742A9C02B4BCE9500F956B7 /* GoogleService-Info.plist */ = {isa = PBXFileReference; fileEncoding = 4; lastKnownFileType = text.plist.xml; path = "GoogleService-Info.plist"; sourceTree = "<group>"; };
		A742A9C22B4C93FE00F956B7 /* NewUserWelcomeView.swift */ = {isa = PBXFileReference; lastKnownFileType = sourcecode.swift; path = NewUserWelcomeView.swift; sourceTree = "<group>"; };
		A742A9C42B4CD3AA00F956B7 /* NotificationsSettingsView.swift */ = {isa = PBXFileReference; lastKnownFileType = sourcecode.swift; path = NotificationsSettingsView.swift; sourceTree = "<group>"; };
		A742A9C62B4D20CE00F956B7 /* UserNotificationSettings.swift */ = {isa = PBXFileReference; lastKnownFileType = sourcecode.swift; path = UserNotificationSettings.swift; sourceTree = "<group>"; };
		A742A9CA2B4DBD9B00F956B7 /* UserFavoriteSports.swift */ = {isa = PBXFileReference; lastKnownFileType = sourcecode.swift; path = UserFavoriteSports.swift; sourceTree = "<group>"; };
		A74BA86C2B4779A100F62D08 /* User.swift */ = {isa = PBXFileReference; fileEncoding = 4; lastKnownFileType = sourcecode.swift; path = User.swift; sourceTree = "<group>"; };
		A74BA86F2B4779A100F62D08 /* Follow.swift */ = {isa = PBXFileReference; fileEncoding = 4; lastKnownFileType = sourcecode.swift; path = Follow.swift; sourceTree = "<group>"; };
		A74BA8702B4779A100F62D08 /* Comment.swift */ = {isa = PBXFileReference; fileEncoding = 4; lastKnownFileType = sourcecode.swift; path = Comment.swift; sourceTree = "<group>"; };
		A74BA8712B4779A100F62D08 /* Event.swift */ = {isa = PBXFileReference; fileEncoding = 4; lastKnownFileType = sourcecode.swift; path = Event.swift; sourceTree = "<group>"; };
		A74BA8722B4779A100F62D08 /* CommentLike.swift */ = {isa = PBXFileReference; fileEncoding = 4; lastKnownFileType = sourcecode.swift; path = CommentLike.swift; sourceTree = "<group>"; };
		A74BA8732B4779A100F62D08 /* Post.swift */ = {isa = PBXFileReference; fileEncoding = 4; lastKnownFileType = sourcecode.swift; path = Post.swift; sourceTree = "<group>"; };
		A74BA8752B4779A100F62D08 /* Team.swift */ = {isa = PBXFileReference; fileEncoding = 4; lastKnownFileType = sourcecode.swift; path = Team.swift; sourceTree = "<group>"; };
		A74BA8762B4779A200F62D08 /* PostLike.swift */ = {isa = PBXFileReference; fileEncoding = 4; lastKnownFileType = sourcecode.swift; path = PostLike.swift; sourceTree = "<group>"; };
		A74BA8912B477A6E00F62D08 /* Dimensions.swift */ = {isa = PBXFileReference; fileEncoding = 4; lastKnownFileType = sourcecode.swift; path = Dimensions.swift; sourceTree = "<group>"; };
		A74BA8922B477A6E00F62D08 /* IGTextFieldModifier.swift */ = {isa = PBXFileReference; fileEncoding = 4; lastKnownFileType = sourcecode.swift; path = IGTextFieldModifier.swift; sourceTree = "<group>"; };
		A74BA8932B477A6E00F62D08 /* Theme.swift */ = {isa = PBXFileReference; fileEncoding = 4; lastKnownFileType = sourcecode.swift; path = Theme.swift; sourceTree = "<group>"; };
		A74BA8972B477A9B00F62D08 /* PostService.swift */ = {isa = PBXFileReference; fileEncoding = 4; lastKnownFileType = sourcecode.swift; path = PostService.swift; sourceTree = "<group>"; };
		A74BA8982B477A9B00F62D08 /* CommentService.swift */ = {isa = PBXFileReference; fileEncoding = 4; lastKnownFileType = sourcecode.swift; path = CommentService.swift; sourceTree = "<group>"; };
		A74BA8992B477A9B00F62D08 /* UserService.swift */ = {isa = PBXFileReference; fileEncoding = 4; lastKnownFileType = sourcecode.swift; path = UserService.swift; sourceTree = "<group>"; };
		A74BA89A2B477A9B00F62D08 /* SearchService.swift */ = {isa = PBXFileReference; fileEncoding = 4; lastKnownFileType = sourcecode.swift; path = SearchService.swift; sourceTree = "<group>"; };
		A74BA89B2B477A9B00F62D08 /* AuthService.swift */ = {isa = PBXFileReference; fileEncoding = 4; lastKnownFileType = sourcecode.swift; path = AuthService.swift; sourceTree = "<group>"; };
		A74BA89C2B477A9B00F62D08 /* FetchService.swift */ = {isa = PBXFileReference; fileEncoding = 4; lastKnownFileType = sourcecode.swift; path = FetchService.swift; sourceTree = "<group>"; };
		A74BA8A32B477AB400F62D08 /* UploadComment.swift */ = {isa = PBXFileReference; fileEncoding = 4; lastKnownFileType = sourcecode.swift; path = UploadComment.swift; sourceTree = "<group>"; };
		A74BA8A42B477AB400F62D08 /* UploadPost.swift */ = {isa = PBXFileReference; fileEncoding = 4; lastKnownFileType = sourcecode.swift; path = UploadPost.swift; sourceTree = "<group>"; };
		A74BA8A52B477AB400F62D08 /* UploadProfileImage.swift */ = {isa = PBXFileReference; fileEncoding = 4; lastKnownFileType = sourcecode.swift; path = UploadProfileImage.swift; sourceTree = "<group>"; };
		A74BA8A62B477AB400F62D08 /* ImageUploader.swift */ = {isa = PBXFileReference; fileEncoding = 4; lastKnownFileType = sourcecode.swift; path = ImageUploader.swift; sourceTree = "<group>"; };
		A74BA8AB2B477ADC00F62D08 /* Checks.swift */ = {isa = PBXFileReference; fileEncoding = 4; lastKnownFileType = sourcecode.swift; path = Checks.swift; sourceTree = "<group>"; };
		A74BA8AC2B477ADC00F62D08 /* CropImageViewController.swift */ = {isa = PBXFileReference; fileEncoding = 4; lastKnownFileType = sourcecode.swift; path = CropImageViewController.swift; sourceTree = "<group>"; };
		A74BA8AD2B477ADC00F62D08 /* DateFormatter.swift */ = {isa = PBXFileReference; fileEncoding = 4; lastKnownFileType = sourcecode.swift; path = DateFormatter.swift; sourceTree = "<group>"; };
		A74BA8AE2B477ADC00F62D08 /* HideKeyboard.swift */ = {isa = PBXFileReference; fileEncoding = 4; lastKnownFileType = sourcecode.swift; path = HideKeyboard.swift; sourceTree = "<group>"; };
		A74BA8AF2B477ADC00F62D08 /* CropProfileImageViewController.swift */ = {isa = PBXFileReference; fileEncoding = 4; lastKnownFileType = sourcecode.swift; path = CropProfileImageViewController.swift; sourceTree = "<group>"; };
		A74BA8B02B477ADC00F62D08 /* ErrorMessageStrings.swift */ = {isa = PBXFileReference; fileEncoding = 4; lastKnownFileType = sourcecode.swift; path = ErrorMessageStrings.swift; sourceTree = "<group>"; };
		A74BA8B12B477ADD00F62D08 /* DeepLink.swift */ = {isa = PBXFileReference; fileEncoding = 4; lastKnownFileType = sourcecode.swift; path = DeepLink.swift; sourceTree = "<group>"; };
		A74BA8BD2B477C4700F62D08 /* UserResultCell.swift */ = {isa = PBXFileReference; fileEncoding = 4; lastKnownFileType = sourcecode.swift; path = UserResultCell.swift; sourceTree = "<group>"; };
		A74BA8BF2B477C4700F62D08 /* CommentCell.swift */ = {isa = PBXFileReference; fileEncoding = 4; lastKnownFileType = sourcecode.swift; path = CommentCell.swift; sourceTree = "<group>"; };
		A74BA8C02B477C4700F62D08 /* EventsHorizontalScroll.swift */ = {isa = PBXFileReference; fileEncoding = 4; lastKnownFileType = sourcecode.swift; path = EventsHorizontalScroll.swift; sourceTree = "<group>"; };
		A74BA8C12B477C4700F62D08 /* EventCell.swift */ = {isa = PBXFileReference; fileEncoding = 4; lastKnownFileType = sourcecode.swift; path = EventCell.swift; sourceTree = "<group>"; };
		A74BA8C22B477C4700F62D08 /* SquareProfilePicture.swift */ = {isa = PBXFileReference; fileEncoding = 4; lastKnownFileType = sourcecode.swift; path = SquareProfilePicture.swift; sourceTree = "<group>"; };
		A74BA8EB2B478E2C00F62D08 /* MainTabControllerView.swift */ = {isa = PBXFileReference; fileEncoding = 4; lastKnownFileType = sourcecode.swift; path = MainTabControllerView.swift; sourceTree = "<group>"; };
		A74BA8EF2B478E6E00F62D08 /* UserFeedView.swift */ = {isa = PBXFileReference; fileEncoding = 4; lastKnownFileType = sourcecode.swift; path = UserFeedView.swift; sourceTree = "<group>"; };
		A74BA8F82B478EA500F62D08 /* UserProfileView.swift */ = {isa = PBXFileReference; fileEncoding = 4; lastKnownFileType = sourcecode.swift; path = UserProfileView.swift; sourceTree = "<group>"; };
		A74BA8F92B478EA500F62D08 /* EditProfileView.swift */ = {isa = PBXFileReference; fileEncoding = 4; lastKnownFileType = sourcecode.swift; path = EditProfileView.swift; sourceTree = "<group>"; };
		A74BA8FA2B478EA500F62D08 /* ProfileHeader.swift */ = {isa = PBXFileReference; fileEncoding = 4; lastKnownFileType = sourcecode.swift; path = ProfileHeader.swift; sourceTree = "<group>"; };
		A74BA8FF2B478EDB00F62D08 /* FirstOpenView.swift */ = {isa = PBXFileReference; fileEncoding = 4; lastKnownFileType = sourcecode.swift; path = FirstOpenView.swift; sourceTree = "<group>"; };
		A74BA9022B478EF100F62D08 /* WelcomeView.swift */ = {isa = PBXFileReference; fileEncoding = 4; lastKnownFileType = sourcecode.swift; path = WelcomeView.swift; sourceTree = "<group>"; };
		A74BA9032B478EF100F62D08 /* CreateAccountView.swift */ = {isa = PBXFileReference; fileEncoding = 4; lastKnownFileType = sourcecode.swift; path = CreateAccountView.swift; sourceTree = "<group>"; };
		A74BA9042B478EF200F62D08 /* CreateAccountControllerView.swift */ = {isa = PBXFileReference; fileEncoding = 4; lastKnownFileType = sourcecode.swift; path = CreateAccountControllerView.swift; sourceTree = "<group>"; };
		A74BA9052B478EF200F62D08 /* SelectUsernameView.swift */ = {isa = PBXFileReference; fileEncoding = 4; lastKnownFileType = sourcecode.swift; path = SelectUsernameView.swift; sourceTree = "<group>"; };
		A74BA90B2B478F0700F62D08 /* SelectUsernameAltView.swift */ = {isa = PBXFileReference; fileEncoding = 4; lastKnownFileType = sourcecode.swift; path = SelectUsernameAltView.swift; sourceTree = "<group>"; };
		A74BA90C2B478F0700F62D08 /* LoginView.swift */ = {isa = PBXFileReference; fileEncoding = 4; lastKnownFileType = sourcecode.swift; path = LoginView.swift; sourceTree = "<group>"; };
		A74BA90D2B478F0700F62D08 /* LoginControllerView.swift */ = {isa = PBXFileReference; fileEncoding = 4; lastKnownFileType = sourcecode.swift; path = LoginControllerView.swift; sourceTree = "<group>"; };
		A74BA90E2B478F0700F62D08 /* WelcomeAltView.swift */ = {isa = PBXFileReference; fileEncoding = 4; lastKnownFileType = sourcecode.swift; path = WelcomeAltView.swift; sourceTree = "<group>"; };
		A74BA9152B478F5C00F62D08 /* AltProfileHeader.swift */ = {isa = PBXFileReference; fileEncoding = 4; lastKnownFileType = sourcecode.swift; path = AltProfileHeader.swift; sourceTree = "<group>"; };
		A74BA9162B478F5C00F62D08 /* AltUserProfileView.swift */ = {isa = PBXFileReference; fileEncoding = 4; lastKnownFileType = sourcecode.swift; path = AltUserProfileView.swift; sourceTree = "<group>"; };
		A74BA91A2B478F7800F62D08 /* AltPostCellExpanded.swift */ = {isa = PBXFileReference; fileEncoding = 4; lastKnownFileType = sourcecode.swift; path = AltPostCellExpanded.swift; sourceTree = "<group>"; };
		A74BA91B2B478F7800F62D08 /* DeepLinkControllerView.swift */ = {isa = PBXFileReference; fileEncoding = 4; lastKnownFileType = sourcecode.swift; path = DeepLinkControllerView.swift; sourceTree = "<group>"; };
		A74BA91F2B478FA100F62D08 /* EmptyFeedView.swift */ = {isa = PBXFileReference; fileEncoding = 4; lastKnownFileType = sourcecode.swift; path = EmptyFeedView.swift; sourceTree = "<group>"; };
		A74BA9202B478FA100F62D08 /* EmptyFeedUserCell.swift */ = {isa = PBXFileReference; fileEncoding = 4; lastKnownFileType = sourcecode.swift; path = EmptyFeedUserCell.swift; sourceTree = "<group>"; };
		A74BA9242B478FB800F62D08 /* EventView.swift */ = {isa = PBXFileReference; fileEncoding = 4; lastKnownFileType = sourcecode.swift; path = EventView.swift; sourceTree = "<group>"; };
		A74BA9272B478FE100F62D08 /* ExpandedPostCell.swift */ = {isa = PBXFileReference; fileEncoding = 4; lastKnownFileType = sourcecode.swift; path = ExpandedPostCell.swift; sourceTree = "<group>"; };
		A74BA92C2B478FFE00F62D08 /* PostCellHeader.swift */ = {isa = PBXFileReference; fileEncoding = 4; lastKnownFileType = sourcecode.swift; path = PostCellHeader.swift; sourceTree = "<group>"; };
		A74BA92D2B478FFE00F62D08 /* PostCell.swift */ = {isa = PBXFileReference; fileEncoding = 4; lastKnownFileType = sourcecode.swift; path = PostCell.swift; sourceTree = "<group>"; };
		A74BA9352B47902300F62D08 /* PostCellExpandedTextBox.swift */ = {isa = PBXFileReference; fileEncoding = 4; lastKnownFileType = sourcecode.swift; path = PostCellExpandedTextBox.swift; sourceTree = "<group>"; };
		A74BA9362B47902300F62D08 /* PostCellExpandedComments.swift */ = {isa = PBXFileReference; fileEncoding = 4; lastKnownFileType = sourcecode.swift; path = PostCellExpandedComments.swift; sourceTree = "<group>"; };
		A74BA9372B47902300F62D08 /* PostCellExpandedFooter.swift */ = {isa = PBXFileReference; fileEncoding = 4; lastKnownFileType = sourcecode.swift; path = PostCellExpandedFooter.swift; sourceTree = "<group>"; };
		A74BA93A2B47902300F62D08 /* PostCellExpandedHeader.swift */ = {isa = PBXFileReference; fileEncoding = 4; lastKnownFileType = sourcecode.swift; path = PostCellExpandedHeader.swift; sourceTree = "<group>"; };
		A74BA9422B47905200F62D08 /* SelectFavoriteSportsView.swift */ = {isa = PBXFileReference; fileEncoding = 4; lastKnownFileType = sourcecode.swift; path = SelectFavoriteSportsView.swift; sourceTree = "<group>"; };
		A74BA9432B47905200F62D08 /* AccountInfoView.swift */ = {isa = PBXFileReference; fileEncoding = 4; lastKnownFileType = sourcecode.swift; path = AccountInfoView.swift; sourceTree = "<group>"; };
		A74BA9442B47905300F62D08 /* SettingsView.swift */ = {isa = PBXFileReference; fileEncoding = 4; lastKnownFileType = sourcecode.swift; path = SettingsView.swift; sourceTree = "<group>"; };
		A74BA9492B47905E00F62D08 /* SettingsOption.swift */ = {isa = PBXFileReference; fileEncoding = 4; lastKnownFileType = sourcecode.swift; path = SettingsOption.swift; sourceTree = "<group>"; };
		A74BA94B2B47920C00F62D08 /* Elo-Book-Info.plist */ = {isa = PBXFileReference; lastKnownFileType = text.plist; path = "Elo-Book-Info.plist"; sourceTree = SOURCE_ROOT; };
		A752E2B02B4773550007842A /* Elo Book.app */ = {isa = PBXFileReference; explicitFileType = wrapper.application; includeInIndex = 0; path = "Elo Book.app"; sourceTree = BUILT_PRODUCTS_DIR; };
		A752E2B32B4773550007842A /* Elo_BookApp.swift */ = {isa = PBXFileReference; lastKnownFileType = sourcecode.swift; path = Elo_BookApp.swift; sourceTree = "<group>"; };
		A752E2B92B4773560007842A /* Assets.xcassets */ = {isa = PBXFileReference; lastKnownFileType = folder.assetcatalog; path = Assets.xcassets; sourceTree = "<group>"; };
		A752E2BC2B4773560007842A /* Preview Assets.xcassets */ = {isa = PBXFileReference; lastKnownFileType = folder.assetcatalog; path = "Preview Assets.xcassets"; sourceTree = "<group>"; };
		A752E2FC2B4777160007842A /* LogoView.swift */ = {isa = PBXFileReference; fileEncoding = 4; lastKnownFileType = sourcecode.swift; path = LogoView.swift; sourceTree = "<group>"; };
		A752E2FE2B4777170007842A /* ContentView.swift */ = {isa = PBXFileReference; fileEncoding = 4; lastKnownFileType = sourcecode.swift; path = ContentView.swift; sourceTree = "<group>"; };
		A752E3062B4778020007842A /* X.swift */ = {isa = PBXFileReference; lastKnownFileType = sourcecode.swift; path = X.swift; sourceTree = "<group>"; };
		A7693AAD2B4DE28600286344 /* SearchView2.swift */ = {isa = PBXFileReference; lastKnownFileType = sourcecode.swift; path = SearchView2.swift; sourceTree = "<group>"; };
		A7693AAF2B4E03EA00286344 /* UserBadgeSettings.swift */ = {isa = PBXFileReference; lastKnownFileType = sourcecode.swift; path = UserBadgeSettings.swift; sourceTree = "<group>"; };
		A7693AB12B4E098E00286344 /* SelectBadgesView.swift */ = {isa = PBXFileReference; lastKnownFileType = sourcecode.swift; path = SelectBadgesView.swift; sourceTree = "<group>"; };
		A7800E3A2B4E262E00AF8492 /* AlphaTesterBadge.swift */ = {isa = PBXFileReference; lastKnownFileType = sourcecode.swift; path = AlphaTesterBadge.swift; sourceTree = "<group>"; };
		A7800E3C2B4E263A00AF8492 /* PublicFigureBadge.swift */ = {isa = PBXFileReference; lastKnownFileType = sourcecode.swift; path = PublicFigureBadge.swift; sourceTree = "<group>"; };
		A7800E3E2B4E264500AF8492 /* DegenerateBadge.swift */ = {isa = PBXFileReference; lastKnownFileType = sourcecode.swift; path = DegenerateBadge.swift; sourceTree = "<group>"; };
		A7800E402B4E276C00AF8492 /* BadgeDiplayer.swift */ = {isa = PBXFileReference; lastKnownFileType = sourcecode.swift; path = BadgeDiplayer.swift; sourceTree = "<group>"; };
		A7ACF8172B4EE92A00192B72 /* NotificationService.swift */ = {isa = PBXFileReference; lastKnownFileType = sourcecode.swift; path = NotificationService.swift; sourceTree = "<group>"; };
		A7ACF81A2B4EF43F00192B72 /* PostCellWithStaticHeader.swift */ = {isa = PBXFileReference; lastKnownFileType = sourcecode.swift; path = PostCellWithStaticHeader.swift; sourceTree = "<group>"; };
		A7ACF81C2B4EF48400192B72 /* PostCellWithStaticHeaderHeader.swift */ = {isa = PBXFileReference; lastKnownFileType = sourcecode.swift; path = PostCellWithStaticHeaderHeader.swift; sourceTree = "<group>"; };
		A7ACF81F2B4EF60800192B72 /* ExpandedPostCellWithStaticHeader.swift */ = {isa = PBXFileReference; lastKnownFileType = sourcecode.swift; path = ExpandedPostCellWithStaticHeader.swift; sourceTree = "<group>"; };
		A7ACF8222B4EF62F00192B72 /* ExpandedPostCellWithStaticHeaderHeader.swift */ = {isa = PBXFileReference; lastKnownFileType = sourcecode.swift; path = ExpandedPostCellWithStaticHeaderHeader.swift; sourceTree = "<group>"; };
		A7CAC35A2B513E7100199A19 /* Thread.swift */ = {isa = PBXFileReference; lastKnownFileType = sourcecode.swift; path = Thread.swift; sourceTree = "<group>"; };
		A7CAC35C2B513F4D00199A19 /* Message2.swift */ = {isa = PBXFileReference; lastKnownFileType = sourcecode.swift; path = Message2.swift; sourceTree = "<group>"; };
		A7CAC35E2B5140D100199A19 /* UploadMessage.swift */ = {isa = PBXFileReference; lastKnownFileType = sourcecode.swift; path = UploadMessage.swift; sourceTree = "<group>"; };
		A7CAC3612B514DC700199A19 /* MessageView.swift */ = {isa = PBXFileReference; lastKnownFileType = sourcecode.swift; path = MessageView.swift; sourceTree = "<group>"; };
		A7CAC3652B51523A00199A19 /* CreateNewMessageView.swift */ = {isa = PBXFileReference; lastKnownFileType = sourcecode.swift; path = CreateNewMessageView.swift; sourceTree = "<group>"; };
		A7CAC3682B5157B000199A19 /* CreateNewMessageViewHeader.swift */ = {isa = PBXFileReference; lastKnownFileType = sourcecode.swift; path = CreateNewMessageViewHeader.swift; sourceTree = "<group>"; };
		A7CAC36B2B51588900199A19 /* MessageViewHeader.swift */ = {isa = PBXFileReference; lastKnownFileType = sourcecode.swift; path = MessageViewHeader.swift; sourceTree = "<group>"; };
		A7CAC36D2B51C70B00199A19 /* CreateNewMessageViewReceivingUsers.swift */ = {isa = PBXFileReference; lastKnownFileType = sourcecode.swift; path = CreateNewMessageViewReceivingUsers.swift; sourceTree = "<group>"; };
		A7CAC36F2B51CFE400199A19 /* CreateNewMessageViewSearchResults.swift */ = {isa = PBXFileReference; lastKnownFileType = sourcecode.swift; path = CreateNewMessageViewSearchResults.swift; sourceTree = "<group>"; };
		A7CAC3712B51D0BD00199A19 /* CreateNewMessageViewSearchBar.swift */ = {isa = PBXFileReference; lastKnownFileType = sourcecode.swift; path = CreateNewMessageViewSearchBar.swift; sourceTree = "<group>"; };
		A7CAC3742B51E4B300199A19 /* MessageThreadCell.swift */ = {isa = PBXFileReference; lastKnownFileType = sourcecode.swift; path = MessageThreadCell.swift; sourceTree = "<group>"; };
		A7CAC3772B523A5A00199A19 /* ThreadsManager.swift */ = {isa = PBXFileReference; lastKnownFileType = sourcecode.swift; path = ThreadsManager.swift; sourceTree = "<group>"; };
		A7CAC3792B523B1600199A19 /* MessageManager.swift */ = {isa = PBXFileReference; lastKnownFileType = sourcecode.swift; path = MessageManager.swift; sourceTree = "<group>"; };
		A7CAC37B2B524F1F00199A19 /* SquareGroupChatPicture.swift */ = {isa = PBXFileReference; lastKnownFileType = sourcecode.swift; path = SquareGroupChatPicture.swift; sourceTree = "<group>"; };
		A7CAC37D2B52502400199A19 /* MessageThreadCellSingle.swift */ = {isa = PBXFileReference; lastKnownFileType = sourcecode.swift; path = MessageThreadCellSingle.swift; sourceTree = "<group>"; };
		A7CAC37F2B5257FE00199A19 /* MessageThreadCellGroup.swift */ = {isa = PBXFileReference; lastKnownFileType = sourcecode.swift; path = MessageThreadCellGroup.swift; sourceTree = "<group>"; };
		A7EF1F522B4B24EB00B0F12C /* PostImageExpandedView2.swift */ = {isa = PBXFileReference; lastKnownFileType = sourcecode.swift; path = PostImageExpandedView2.swift; sourceTree = "<group>"; };
		A7EF1F552B4B27FF00B0F12C /* PostImageView2.swift */ = {isa = PBXFileReference; lastKnownFileType = sourcecode.swift; path = PostImageView2.swift; sourceTree = "<group>"; };
		A7EF1F572B4B298B00B0F12C /* PostCellBody2.swift */ = {isa = PBXFileReference; lastKnownFileType = sourcecode.swift; path = PostCellBody2.swift; sourceTree = "<group>"; };
		A7EF1F592B4B2B1000B0F12C /* PostCellExpandedBody2.swift */ = {isa = PBXFileReference; lastKnownFileType = sourcecode.swift; path = PostCellExpandedBody2.swift; sourceTree = "<group>"; };
		A7EF1F5B2B4B2E5D00B0F12C /* PostCellFooter2.swift */ = {isa = PBXFileReference; lastKnownFileType = sourcecode.swift; path = PostCellFooter2.swift; sourceTree = "<group>"; };
		A7EF1F5D2B4B3AAA00B0F12C /* PostImageExpandedCell.swift */ = {isa = PBXFileReference; lastKnownFileType = sourcecode.swift; path = PostImageExpandedCell.swift; sourceTree = "<group>"; };
		A7EF1F612B4B5A2B00B0F12C /* PostImageView3.swift */ = {isa = PBXFileReference; lastKnownFileType = sourcecode.swift; path = PostImageView3.swift; sourceTree = "<group>"; };
		A7EF1F632B4B625F00B0F12C /* FullLengthPostImageView.swift */ = {isa = PBXFileReference; lastKnownFileType = sourcecode.swift; path = FullLengthPostImageView.swift; sourceTree = "<group>"; };
/* End PBXFileReference section */

/* Begin PBXFrameworksBuildPhase section */
		A752E2AD2B4773550007842A /* Frameworks */ = {
			isa = PBXFrameworksBuildPhase;
			buildActionMask = 2147483647;
			files = (
				A752E2D92B4775880007842A /* FirebaseDatabase in Frameworks */,
				A752E2E72B4775880007842A /* FirebaseFunctionsCombine-Community in Frameworks */,
				A752E2DF2B4775880007842A /* FirebaseFirestore in Frameworks */,
				A752E2CB2B4775880007842A /* FirebaseAnalyticsSwift in Frameworks */,
				A752E2C72B4775880007842A /* FirebaseAnalytics in Frameworks */,
				A752E2C92B4775880007842A /* FirebaseAnalyticsOnDeviceConversion in Frameworks */,
				A752E2EF2B4775880007842A /* FirebaseMLModelDownloader in Frameworks */,
				A752E2E32B4775880007842A /* FirebaseFirestoreSwift in Frameworks */,
				A752E2CF2B4775880007842A /* FirebaseAppCheck in Frameworks */,
				A752E2CD2B4775880007842A /* FirebaseAnalyticsWithoutAdIdSupport in Frameworks */,
				A752E2D32B4775880007842A /* FirebaseAuth in Frameworks */,
				A752E2D72B4775880007842A /* FirebaseCrashlytics in Frameworks */,
				A752E2F72B4775880007842A /* FirebaseRemoteConfigSwift in Frameworks */,
				A752E2E92B4775880007842A /* FirebaseInAppMessaging-Beta in Frameworks */,
				A752E2DB2B4775880007842A /* FirebaseDatabaseSwift in Frameworks */,
				A752E2E52B4775880007842A /* FirebaseFunctions in Frameworks */,
				A74BA8892B4779DB00F62D08 /* TOCropViewController in Frameworks */,
				A74BA8842B4779BF00F62D08 /* Kingfisher in Frameworks */,
				A752E2FB2B4775880007842A /* FirebaseStorageCombine-Community in Frameworks */,
				A74BA8872B4779DB00F62D08 /* CropViewController in Frameworks */,
				A752E2F52B4775880007842A /* FirebaseRemoteConfig in Frameworks */,
				A752E2D12B4775880007842A /* FirebaseAppDistribution-Beta in Frameworks */,
				A752E2D52B4775880007842A /* FirebaseAuthCombine-Community in Frameworks */,
				A752E2F32B4775880007842A /* FirebasePerformance in Frameworks */,
				A752E2EB2B4775880007842A /* FirebaseInAppMessagingSwift-Beta in Frameworks */,
				A752E2F92B4775880007842A /* FirebaseStorage in Frameworks */,
				A752E2DD2B4775880007842A /* FirebaseDynamicLinks in Frameworks */,
				A752E2E12B4775880007842A /* FirebaseFirestoreCombine-Community in Frameworks */,
				A752E2F12B4775880007842A /* FirebaseMessaging in Frameworks */,
				A752E2ED2B4775880007842A /* FirebaseInstallations in Frameworks */,
			);
			runOnlyForDeploymentPostprocessing = 0;
		};
/* End PBXFrameworksBuildPhase section */

/* Begin PBXGroup section */
		A70651AD2B49E17900A6CE3A /* FollowingViews */ = {
			isa = PBXGroup;
			children = (
			);
			path = FollowingViews;
			sourceTree = "<group>";
		};
		A70651AE2B49E18000A6CE3A /* FollowsViews */ = {
			isa = PBXGroup;
			children = (
				A70651AF2B49E1C000A6CE3A /* FollowersView.swift */,
				A70651B12B49F16800A6CE3A /* FollowingView.swift */,
				A70651B32B4A02F000A6CE3A /* FollowsResultCell.swift */,
			);
			path = FollowsViews;
			sourceTree = "<group>";
		};
		A70651B72B4A272B00A6CE3A /* Components */ = {
			isa = PBXGroup;
			children = (
				A70651B82B4A273700A6CE3A /* PostPreview.swift */,
				A70651BB2B4A2A4E00A6CE3A /* PostPreviewImages.swift */,
			);
			path = Components;
			sourceTree = "<group>";
		};
		A742A9C82B4DBD6700F956B7 /* Settings */ = {
			isa = PBXGroup;
			children = (
				A742A9C62B4D20CE00F956B7 /* UserNotificationSettings.swift */,
				A742A9CA2B4DBD9B00F956B7 /* UserFavoriteSports.swift */,
				A7693AAF2B4E03EA00286344 /* UserBadgeSettings.swift */,
			);
			path = Settings;
			sourceTree = "<group>";
		};
		A74BA86A2B47797F00F62D08 /* Frameworks */ = {
			isa = PBXGroup;
			children = (
			);
			name = Frameworks;
			sourceTree = "<group>";
		};
		A74BA86B2B47798E00F62D08 /* Models */ = {
			isa = PBXGroup;
			children = (
				A7C833ED2B4F2861005B9AB7 /* Messaging */,
				A7800E432B4E3DE100AF8492 /* Comments */,
				A7800E422B4E3DC700AF8492 /* Posts */,
				A742A9C82B4DBD6700F956B7 /* Settings */,
				A74BA8712B4779A100F62D08 /* Event.swift */,
				A74BA86F2B4779A100F62D08 /* Follow.swift */,
				A74BA8752B4779A100F62D08 /* Team.swift */,
				A74BA86C2B4779A100F62D08 /* User.swift */,
			);
			path = Models;
			sourceTree = "<group>";
		};
		A74BA88D2B4779F900F62D08 /* Defaults */ = {
			isa = PBXGroup;
			children = (
				A74BA8912B477A6E00F62D08 /* Dimensions.swift */,
				A74BA8922B477A6E00F62D08 /* IGTextFieldModifier.swift */,
				A74BA8932B477A6E00F62D08 /* Theme.swift */,
			);
			path = Defaults;
			sourceTree = "<group>";
		};
		A74BA88E2B477A0200F62D08 /* Service */ = {
			isa = PBXGroup;
			children = (
				A74BA89B2B477A9B00F62D08 /* AuthService.swift */,
				A74BA8982B477A9B00F62D08 /* CommentService.swift */,
				A74BA89C2B477A9B00F62D08 /* FetchService.swift */,
				A74BA8972B477A9B00F62D08 /* PostService.swift */,
				A74BA89A2B477A9B00F62D08 /* SearchService.swift */,
				A74BA8992B477A9B00F62D08 /* UserService.swift */,
				A7ACF8172B4EE92A00192B72 /* NotificationService.swift */,
			);
			path = Service;
			sourceTree = "<group>";
		};
		A74BA88F2B477A1400F62D08 /* Upload */ = {
			isa = PBXGroup;
			children = (
				A74BA8A62B477AB400F62D08 /* ImageUploader.swift */,
				A74BA8A32B477AB400F62D08 /* UploadComment.swift */,
				A74BA8A42B477AB400F62D08 /* UploadPost.swift */,
				A74BA8A52B477AB400F62D08 /* UploadProfileImage.swift */,
				A7CAC35E2B5140D100199A19 /* UploadMessage.swift */,
			);
			path = Upload;
			sourceTree = "<group>";
		};
		A74BA8902B477A1900F62D08 /* Utilities */ = {
			isa = PBXGroup;
			children = (
				A74BA8AB2B477ADC00F62D08 /* Checks.swift */,
				A74BA8AC2B477ADC00F62D08 /* CropImageViewController.swift */,
				A74BA8AF2B477ADC00F62D08 /* CropProfileImageViewController.swift */,
				A74BA8AD2B477ADC00F62D08 /* DateFormatter.swift */,
				A74BA8B12B477ADD00F62D08 /* DeepLink.swift */,
				A74BA8B02B477ADC00F62D08 /* ErrorMessageStrings.swift */,
				A74BA8AE2B477ADC00F62D08 /* HideKeyboard.swift */,
			);
			path = Utilities;
			sourceTree = "<group>";
		};
		A74BA8B92B477C0F00F62D08 /* Components */ = {
			isa = PBXGroup;
			children = (
				A7800E392B4E261E00AF8492 /* Badges */,
				A74BA8BF2B477C4700F62D08 /* CommentCell.swift */,
				A74BA8C12B477C4700F62D08 /* EventCell.swift */,
				A74BA8C02B477C4700F62D08 /* EventsHorizontalScroll.swift */,
				A7EF1F522B4B24EB00B0F12C /* PostImageExpandedView2.swift */,
				A74BA8C22B477C4700F62D08 /* SquareProfilePicture.swift */,
				A7CAC37B2B524F1F00199A19 /* SquareGroupChatPicture.swift */,
				A74BA8BD2B477C4700F62D08 /* UserResultCell.swift */,
				A70651BD2B4A418F00A6CE3A /* ProgressWheel.swift */,
				A70651BF2B4A5A7200A6CE3A /* MiniEventCell.swift */,
				A7EF1F5D2B4B3AAA00B0F12C /* PostImageExpandedCell.swift */,
			);
			path = Components;
			sourceTree = "<group>";
		};
		A74BA8E72B478DF800F62D08 /* MainTabViews */ = {
			isa = PBXGroup;
			children = (
				A74BA8EB2B478E2C00F62D08 /* MainTabControllerView.swift */,
				A7CAC3602B514DB300199A19 /* MessageViews */,
				A74BA8E82B478E0500F62D08 /* SearchViews */,
				A74BA8E92B478E0C00F62D08 /* UserFeedViews */,
				A74BA8EA2B478E1600F62D08 /* UserProfileViews */,
			);
			path = MainTabViews;
			sourceTree = "<group>";
		};
		A74BA8E82B478E0500F62D08 /* SearchViews */ = {
			isa = PBXGroup;
			children = (
				A7693AAD2B4DE28600286344 /* SearchView2.swift */,
			);
			path = SearchViews;
			sourceTree = "<group>";
		};
		A74BA8E92B478E0C00F62D08 /* UserFeedViews */ = {
			isa = PBXGroup;
			children = (
				A74BA8EF2B478E6E00F62D08 /* UserFeedView.swift */,
				A74BA8F12B478E7400F62D08 /* CreatePostViews */,
			);
			path = UserFeedViews;
			sourceTree = "<group>";
		};
		A74BA8EA2B478E1600F62D08 /* UserProfileViews */ = {
			isa = PBXGroup;
			children = (
				A74BA8F92B478EA500F62D08 /* EditProfileView.swift */,
				A74BA8FA2B478EA500F62D08 /* ProfileHeader.swift */,
				A74BA8F82B478EA500F62D08 /* UserProfileView.swift */,
			);
			path = UserProfileViews;
			sourceTree = "<group>";
		};
		A74BA8F12B478E7400F62D08 /* CreatePostViews */ = {
			isa = PBXGroup;
			children = (
				A70651B72B4A272B00A6CE3A /* Components */,
				A70651B52B4A251F00A6CE3A /* CreatePostMasterView.swift */,
				A70651C32B4A619800A6CE3A /* CreatePostMasterTextBox.swift */,
			);
			path = CreatePostViews;
			sourceTree = "<group>";
		};
		A74BA8FE2B478EC900F62D08 /* OpenAppViews */ = {
			isa = PBXGroup;
			children = (
				A74BA8FF2B478EDB00F62D08 /* FirstOpenView.swift */,
				A74BA90A2B478EFD00F62D08 /* LoginViews */,
				A74BA9012B478EDF00F62D08 /* CreateAccountViews */,
			);
			path = OpenAppViews;
			sourceTree = "<group>";
		};
		A74BA9012B478EDF00F62D08 /* CreateAccountViews */ = {
			isa = PBXGroup;
			children = (
				A74BA9042B478EF200F62D08 /* CreateAccountControllerView.swift */,
				A74BA9032B478EF100F62D08 /* CreateAccountView.swift */,
				A74BA9052B478EF200F62D08 /* SelectUsernameView.swift */,
				A74BA9022B478EF100F62D08 /* WelcomeView.swift */,
				A742A9C22B4C93FE00F956B7 /* NewUserWelcomeView.swift */,
			);
			path = CreateAccountViews;
			sourceTree = "<group>";
		};
		A74BA90A2B478EFD00F62D08 /* LoginViews */ = {
			isa = PBXGroup;
			children = (
				A74BA90D2B478F0700F62D08 /* LoginControllerView.swift */,
				A74BA90C2B478F0700F62D08 /* LoginView.swift */,
				A74BA90B2B478F0700F62D08 /* SelectUsernameAltView.swift */,
				A74BA90E2B478F0700F62D08 /* WelcomeAltView.swift */,
			);
			path = LoginViews;
			sourceTree = "<group>";
		};
		A74BA9132B478F3700F62D08 /* SubViews */ = {
			isa = PBXGroup;
			children = (
				A7ACF81E2B4EF5F000192B72 /* ExpandedPostCellWithStaticHeader */,
				A7ACF8192B4EF42200192B72 /* PostCellWithStaticHeader */,
				A70651AE2B49E18000A6CE3A /* FollowsViews */,
				A70651AD2B49E17900A6CE3A /* FollowingViews */,
				A74BA9412B47903F00F62D08 /* SettingsViews */,
				A74BA9142B478F4D00F62D08 /* AltUserProfileViews */,
				A74BA9192B478F6B00F62D08 /* DeepLinkViews */,
				A74BA91E2B478F9200F62D08 /* EmptyFeedViews */,
				A74BA9232B478FAF00F62D08 /* EventViews */,
				A74BA9262B478FCC00F62D08 /* ExpandedPostCellView */,
				A74BA9292B478FF100F62D08 /* PostCellComponents */,
				A74BA9342B47900F00F62D08 /* PostCellExpandedComponents */,
			);
			path = SubViews;
			sourceTree = "<group>";
		};
		A74BA9142B478F4D00F62D08 /* AltUserProfileViews */ = {
			isa = PBXGroup;
			children = (
				A74BA9152B478F5C00F62D08 /* AltProfileHeader.swift */,
				A74BA9162B478F5C00F62D08 /* AltUserProfileView.swift */,
			);
			path = AltUserProfileViews;
			sourceTree = "<group>";
		};
		A74BA9192B478F6B00F62D08 /* DeepLinkViews */ = {
			isa = PBXGroup;
			children = (
				A74BA91A2B478F7800F62D08 /* AltPostCellExpanded.swift */,
				A74BA91B2B478F7800F62D08 /* DeepLinkControllerView.swift */,
			);
			path = DeepLinkViews;
			sourceTree = "<group>";
		};
		A74BA91E2B478F9200F62D08 /* EmptyFeedViews */ = {
			isa = PBXGroup;
			children = (
				A74BA9202B478FA100F62D08 /* EmptyFeedUserCell.swift */,
				A74BA91F2B478FA100F62D08 /* EmptyFeedView.swift */,
			);
			path = EmptyFeedViews;
			sourceTree = "<group>";
		};
		A74BA9232B478FAF00F62D08 /* EventViews */ = {
			isa = PBXGroup;
			children = (
				A74BA9242B478FB800F62D08 /* EventView.swift */,
			);
			path = EventViews;
			sourceTree = "<group>";
		};
		A74BA9262B478FCC00F62D08 /* ExpandedPostCellView */ = {
			isa = PBXGroup;
			children = (
				A74BA9272B478FE100F62D08 /* ExpandedPostCell.swift */,
			);
			path = ExpandedPostCellView;
			sourceTree = "<group>";
		};
		A74BA9292B478FF100F62D08 /* PostCellComponents */ = {
			isa = PBXGroup;
			children = (
				A7EF1F5B2B4B2E5D00B0F12C /* PostCellFooter2.swift */,
				A7EF1F572B4B298B00B0F12C /* PostCellBody2.swift */,
				A74BA92D2B478FFE00F62D08 /* PostCell.swift */,
				A74BA92C2B478FFE00F62D08 /* PostCellHeader.swift */,
				A7EF1F552B4B27FF00B0F12C /* PostImageView2.swift */,
				A7EF1F612B4B5A2B00B0F12C /* PostImageView3.swift */,
				A7EF1F632B4B625F00B0F12C /* FullLengthPostImageView.swift */,
			);
			path = PostCellComponents;
			sourceTree = "<group>";
		};
		A74BA9342B47900F00F62D08 /* PostCellExpandedComponents */ = {
			isa = PBXGroup;
			children = (
				A7EF1F592B4B2B1000B0F12C /* PostCellExpandedBody2.swift */,
				A74BA9362B47902300F62D08 /* PostCellExpandedComments.swift */,
				A74BA9372B47902300F62D08 /* PostCellExpandedFooter.swift */,
				A74BA93A2B47902300F62D08 /* PostCellExpandedHeader.swift */,
				A74BA9352B47902300F62D08 /* PostCellExpandedTextBox.swift */,
			);
			path = PostCellExpandedComponents;
			sourceTree = "<group>";
		};
		A74BA9412B47903F00F62D08 /* SettingsViews */ = {
			isa = PBXGroup;
			children = (
				A74BA9482B47905500F62D08 /* Components */,
				A7693AB12B4E098E00286344 /* SelectBadgesView.swift */,
				A74BA9432B47905200F62D08 /* AccountInfoView.swift */,
				A74BA9422B47905200F62D08 /* SelectFavoriteSportsView.swift */,
				A74BA9442B47905300F62D08 /* SettingsView.swift */,
				A742A9C42B4CD3AA00F956B7 /* NotificationsSettingsView.swift */,
			);
			path = SettingsViews;
			sourceTree = "<group>";
		};
		A74BA9482B47905500F62D08 /* Components */ = {
			isa = PBXGroup;
			children = (
				A74BA9492B47905E00F62D08 /* SettingsOption.swift */,
			);
			path = Components;
			sourceTree = "<group>";
		};
		A752E2A72B4773550007842A = {
			isa = PBXGroup;
			children = (
				A752E2B22B4773550007842A /* Elo Book */,
				A752E2B12B4773550007842A /* Products */,
				A74BA86A2B47797F00F62D08 /* Frameworks */,
			);
			sourceTree = "<group>";
		};
		A752E2B12B4773550007842A /* Products */ = {
			isa = PBXGroup;
			children = (
				A752E2B02B4773550007842A /* Elo Book.app */,
			);
			name = Products;
			sourceTree = "<group>";
		};
		A752E2B22B4773550007842A /* Elo Book */ = {
			isa = PBXGroup;
			children = (
				A742A9BF2B4BAABF00F956B7 /* Elo Book.entitlements */,
				A742A9C02B4BCE9500F956B7 /* GoogleService-Info.plist */,
				A74BA94B2B47920C00F62D08 /* Elo-Book-Info.plist */,
				A752E2B32B4773550007842A /* Elo_BookApp.swift */,
				A752E2FE2B4777170007842A /* ContentView.swift */,
				A752E2FC2B4777160007842A /* LogoView.swift */,
				A752E3042B4777DB0007842A /* Views */,
				A752E3052B4777E30007842A /* Background */,
				A752E2B92B4773560007842A /* Assets.xcassets */,
				A752E2BB2B4773560007842A /* Preview Content */,
			);
			path = "Elo Book";
			sourceTree = "<group>";
		};
		A752E2BB2B4773560007842A /* Preview Content */ = {
			isa = PBXGroup;
			children = (
				A752E2BC2B4773560007842A /* Preview Assets.xcassets */,
			);
			path = "Preview Content";
			sourceTree = "<group>";
		};
		A752E3042B4777DB0007842A /* Views */ = {
			isa = PBXGroup;
			children = (
				A7EF1F542B4B27E500B0F12C /* Building */,
				A74BA8B92B477C0F00F62D08 /* Components */,
				A74BA8FE2B478EC900F62D08 /* OpenAppViews */,
				A74BA8E72B478DF800F62D08 /* MainTabViews */,
				A74BA9132B478F3700F62D08 /* SubViews */,
			);
			path = Views;
			sourceTree = "<group>";
		};
		A752E3052B4777E30007842A /* Background */ = {
			isa = PBXGroup;
			children = (
				A7CAC3762B523A4700199A19 /* Managers */,
				A752E3062B4778020007842A /* X.swift */,
				A74BA88D2B4779F900F62D08 /* Defaults */,
				A74BA86B2B47798E00F62D08 /* Models */,
				A74BA88E2B477A0200F62D08 /* Service */,
				A74BA88F2B477A1400F62D08 /* Upload */,
				A74BA8902B477A1900F62D08 /* Utilities */,
			);
			path = Background;
			sourceTree = "<group>";
		};
		A7800E392B4E261E00AF8492 /* Badges */ = {
			isa = PBXGroup;
			children = (
				A7800E3A2B4E262E00AF8492 /* AlphaTesterBadge.swift */,
				A7800E3C2B4E263A00AF8492 /* PublicFigureBadge.swift */,
				A7800E3E2B4E264500AF8492 /* DegenerateBadge.swift */,
				A7800E402B4E276C00AF8492 /* BadgeDiplayer.swift */,
			);
			path = Badges;
			sourceTree = "<group>";
		};
		A7800E422B4E3DC700AF8492 /* Posts */ = {
			isa = PBXGroup;
			children = (
				A74BA8732B4779A100F62D08 /* Post.swift */,
				A74BA8762B4779A200F62D08 /* PostLike.swift */,
			);
			path = Posts;
			sourceTree = "<group>";
		};
		A7800E432B4E3DE100AF8492 /* Comments */ = {
			isa = PBXGroup;
			children = (
				A74BA8702B4779A100F62D08 /* Comment.swift */,
				A74BA8722B4779A100F62D08 /* CommentLike.swift */,
			);
			path = Comments;
			sourceTree = "<group>";
		};
		A7ACF8192B4EF42200192B72 /* PostCellWithStaticHeader */ = {
			isa = PBXGroup;
			children = (
				A7ACF81A2B4EF43F00192B72 /* PostCellWithStaticHeader.swift */,
				A7ACF81C2B4EF48400192B72 /* PostCellWithStaticHeaderHeader.swift */,
			);
			path = PostCellWithStaticHeader;
			sourceTree = "<group>";
		};
		A7ACF81E2B4EF5F000192B72 /* ExpandedPostCellWithStaticHeader */ = {
			isa = PBXGroup;
			children = (
				A7ACF81F2B4EF60800192B72 /* ExpandedPostCellWithStaticHeader.swift */,
				A7ACF8222B4EF62F00192B72 /* ExpandedPostCellWithStaticHeaderHeader.swift */,
			);
			path = ExpandedPostCellWithStaticHeader;
			sourceTree = "<group>";
		};
		A7C833ED2B4F2861005B9AB7 /* Messaging */ = {
			isa = PBXGroup;
			children = (
				A7CAC35A2B513E7100199A19 /* Thread.swift */,
				A7CAC35C2B513F4D00199A19 /* Message2.swift */,
			);
			path = Messaging;
			sourceTree = "<group>";
		};
		A7CAC3602B514DB300199A19 /* MessageViews */ = {
			isa = PBXGroup;
			children = (
				A7CAC36A2B51587900199A19 /* MessageViewComponents */,
				A7CAC3672B51579100199A19 /* CreateNewMessageViewComponents */,
				A7CAC3612B514DC700199A19 /* MessageView.swift */,
				A7CAC3652B51523A00199A19 /* CreateNewMessageView.swift */,
			);
			path = MessageViews;
			sourceTree = "<group>";
		};
		A7CAC3672B51579100199A19 /* CreateNewMessageViewComponents */ = {
			isa = PBXGroup;
			children = (
				A7CAC3682B5157B000199A19 /* CreateNewMessageViewHeader.swift */,
				A7CAC36D2B51C70B00199A19 /* CreateNewMessageViewReceivingUsers.swift */,
				A7CAC36F2B51CFE400199A19 /* CreateNewMessageViewSearchResults.swift */,
				A7CAC3712B51D0BD00199A19 /* CreateNewMessageViewSearchBar.swift */,
			);
			path = CreateNewMessageViewComponents;
			sourceTree = "<group>";
		};
		A7CAC36A2B51587900199A19 /* MessageViewComponents */ = {
			isa = PBXGroup;
			children = (
				A7CAC36B2B51588900199A19 /* MessageViewHeader.swift */,
				A7CAC3742B51E4B300199A19 /* MessageThreadCell.swift */,
				A7CAC37D2B52502400199A19 /* MessageThreadCellSingle.swift */,
				A7CAC37F2B5257FE00199A19 /* MessageThreadCellGroup.swift */,
			);
			path = MessageViewComponents;
			sourceTree = "<group>";
		};
		A7CAC3762B523A4700199A19 /* Managers */ = {
			isa = PBXGroup;
			children = (
				A7CAC3772B523A5A00199A19 /* ThreadsManager.swift */,
				A7CAC3792B523B1600199A19 /* MessageManager.swift */,
			);
			path = Managers;
			sourceTree = "<group>";
		};
		A7EF1F542B4B27E500B0F12C /* Building */ = {
			isa = PBXGroup;
			children = (
			);
			path = Building;
			sourceTree = "<group>";
		};
/* End PBXGroup section */

/* Begin PBXNativeTarget section */
		A752E2AF2B4773550007842A /* Elo Book */ = {
			isa = PBXNativeTarget;
			buildConfigurationList = A752E2C02B4773560007842A /* Build configuration list for PBXNativeTarget "Elo Book" */;
			buildPhases = (
				A752E2AC2B4773550007842A /* Sources */,
				A752E2AD2B4773550007842A /* Frameworks */,
				A752E2AE2B4773550007842A /* Resources */,
			);
			buildRules = (
			);
			dependencies = (
			);
			name = "Elo Book";
			packageProductDependencies = (
				A752E2C62B4775880007842A /* FirebaseAnalytics */,
				A752E2C82B4775880007842A /* FirebaseAnalyticsOnDeviceConversion */,
				A752E2CA2B4775880007842A /* FirebaseAnalyticsSwift */,
				A752E2CC2B4775880007842A /* FirebaseAnalyticsWithoutAdIdSupport */,
				A752E2CE2B4775880007842A /* FirebaseAppCheck */,
				A752E2D02B4775880007842A /* FirebaseAppDistribution-Beta */,
				A752E2D22B4775880007842A /* FirebaseAuth */,
				A752E2D42B4775880007842A /* FirebaseAuthCombine-Community */,
				A752E2D62B4775880007842A /* FirebaseCrashlytics */,
				A752E2D82B4775880007842A /* FirebaseDatabase */,
				A752E2DA2B4775880007842A /* FirebaseDatabaseSwift */,
				A752E2DC2B4775880007842A /* FirebaseDynamicLinks */,
				A752E2DE2B4775880007842A /* FirebaseFirestore */,
				A752E2E02B4775880007842A /* FirebaseFirestoreCombine-Community */,
				A752E2E22B4775880007842A /* FirebaseFirestoreSwift */,
				A752E2E42B4775880007842A /* FirebaseFunctions */,
				A752E2E62B4775880007842A /* FirebaseFunctionsCombine-Community */,
				A752E2E82B4775880007842A /* FirebaseInAppMessaging-Beta */,
				A752E2EA2B4775880007842A /* FirebaseInAppMessagingSwift-Beta */,
				A752E2EC2B4775880007842A /* FirebaseInstallations */,
				A752E2EE2B4775880007842A /* FirebaseMLModelDownloader */,
				A752E2F02B4775880007842A /* FirebaseMessaging */,
				A752E2F22B4775880007842A /* FirebasePerformance */,
				A752E2F42B4775880007842A /* FirebaseRemoteConfig */,
				A752E2F62B4775880007842A /* FirebaseRemoteConfigSwift */,
				A752E2F82B4775880007842A /* FirebaseStorage */,
				A752E2FA2B4775880007842A /* FirebaseStorageCombine-Community */,
				A74BA8832B4779BF00F62D08 /* Kingfisher */,
				A74BA8862B4779DB00F62D08 /* CropViewController */,
				A74BA8882B4779DB00F62D08 /* TOCropViewController */,
			);
			productName = "Elo Book";
			productReference = A752E2B02B4773550007842A /* Elo Book.app */;
			productType = "com.apple.product-type.application";
		};
/* End PBXNativeTarget section */

/* Begin PBXProject section */
		A752E2A82B4773550007842A /* Project object */ = {
			isa = PBXProject;
			attributes = {
				BuildIndependentTargetsInParallel = 1;
				LastSwiftUpdateCheck = 1500;
				LastUpgradeCheck = 1500;
				TargetAttributes = {
					A752E2AF2B4773550007842A = {
						CreatedOnToolsVersion = 15.0;
					};
				};
			};
			buildConfigurationList = A752E2AB2B4773550007842A /* Build configuration list for PBXProject "Elo Book" */;
			compatibilityVersion = "Xcode 14.0";
			developmentRegion = en;
			hasScannedForEncodings = 0;
			knownRegions = (
				en,
				Base,
			);
			mainGroup = A752E2A72B4773550007842A;
			packageReferences = (
				A752E2C52B4775880007842A /* XCRemoteSwiftPackageReference "firebase-ios-sdk" */,
				A74BA8822B4779BF00F62D08 /* XCRemoteSwiftPackageReference "Kingfisher" */,
				A74BA8852B4779DB00F62D08 /* XCRemoteSwiftPackageReference "TOCropViewController" */,
				A74BA88A2B4779E800F62D08 /* XCRemoteSwiftPackageReference "ImageCropper" */,
			);
			productRefGroup = A752E2B12B4773550007842A /* Products */;
			projectDirPath = "";
			projectRoot = "";
			targets = (
				A752E2AF2B4773550007842A /* Elo Book */,
			);
		};
/* End PBXProject section */

/* Begin PBXResourcesBuildPhase section */
		A752E2AE2B4773550007842A /* Resources */ = {
			isa = PBXResourcesBuildPhase;
			buildActionMask = 2147483647;
			files = (
				A742A9C12B4BCE9500F956B7 /* GoogleService-Info.plist in Resources */,
				A752E2BD2B4773560007842A /* Preview Assets.xcassets in Resources */,
				A752E2BA2B4773560007842A /* Assets.xcassets in Resources */,
			);
			runOnlyForDeploymentPostprocessing = 0;
		};
/* End PBXResourcesBuildPhase section */

/* Begin PBXSourcesBuildPhase section */
		A752E2AC2B4773550007842A /* Sources */ = {
			isa = PBXSourcesBuildPhase;
			buildActionMask = 2147483647;
			files = (
				A752E2B42B4773550007842A /* Elo_BookApp.swift in Sources */,
				A74BA8A12B477A9B00F62D08 /* AuthService.swift in Sources */,
				A70651B62B4A251F00A6CE3A /* CreatePostMasterView.swift in Sources */,
				A74BA9222B478FA100F62D08 /* EmptyFeedUserCell.swift in Sources */,
				A7EF1F622B4B5A2B00B0F12C /* PostImageView3.swift in Sources */,
				A74BA8802B4779A200F62D08 /* Team.swift in Sources */,
				A74BA8A02B477A9B00F62D08 /* SearchService.swift in Sources */,
				A74BA89E2B477A9B00F62D08 /* CommentService.swift in Sources */,
				A74BA8A82B477AB400F62D08 /* UploadPost.swift in Sources */,
				A7EF1F5C2B4B2E5D00B0F12C /* PostCellFooter2.swift in Sources */,
				A7ACF81B2B4EF43F00192B72 /* PostCellWithStaticHeader.swift in Sources */,
				A7800E3F2B4E264500AF8492 /* DegenerateBadge.swift in Sources */,
				A74BA9062B478EF200F62D08 /* WelcomeView.swift in Sources */,
				A7CAC3802B5257FE00199A19 /* MessageThreadCellGroup.swift in Sources */,
				A74BA94A2B47905E00F62D08 /* SettingsOption.swift in Sources */,
				A7EF1F532B4B24EB00B0F12C /* PostImageExpandedView2.swift in Sources */,
				A74BA9172B478F5C00F62D08 /* AltProfileHeader.swift in Sources */,
				A7CAC3692B5157B000199A19 /* CreateNewMessageViewHeader.swift in Sources */,
				A7CAC37A2B523B1600199A19 /* MessageManager.swift in Sources */,
				A74BA87A2B4779A200F62D08 /* Follow.swift in Sources */,
				A74BA8942B477A6E00F62D08 /* Dimensions.swift in Sources */,
				A7EF1F5E2B4B3AAA00B0F12C /* PostImageExpandedCell.swift in Sources */,
				A7693AB22B4E098E00286344 /* SelectBadgesView.swift in Sources */,
				A74BA87E2B4779A200F62D08 /* Post.swift in Sources */,
				A74BA9212B478FA100F62D08 /* EmptyFeedView.swift in Sources */,
				A7693AAE2B4DE28600286344 /* SearchView2.swift in Sources */,
				A74BA9452B47905300F62D08 /* SelectFavoriteSportsView.swift in Sources */,
				A74BA9282B478FE100F62D08 /* ExpandedPostCell.swift in Sources */,
				A7EF1F562B4B27FF00B0F12C /* PostImageView2.swift in Sources */,
				A70651C42B4A619800A6CE3A /* CreatePostMasterTextBox.swift in Sources */,
				A752E3002B4777170007842A /* LogoView.swift in Sources */,
				A7CAC3752B51E4B300199A19 /* MessageThreadCell.swift in Sources */,
				A74BA8F02B478E6E00F62D08 /* UserFeedView.swift in Sources */,
				A74BA91C2B478F7800F62D08 /* AltPostCellExpanded.swift in Sources */,
				A74BA8C72B477C4700F62D08 /* EventCell.swift in Sources */,
				A74BA87C2B4779A200F62D08 /* Event.swift in Sources */,
				A7CAC35D2B513F4D00199A19 /* Message2.swift in Sources */,
				A74BA8C82B477C4700F62D08 /* SquareProfilePicture.swift in Sources */,
				A74BA8FD2B478EA500F62D08 /* ProfileHeader.swift in Sources */,
				A74BA9072B478EF200F62D08 /* CreateAccountView.swift in Sources */,
				A74BA91D2B478F7800F62D08 /* DeepLinkControllerView.swift in Sources */,
				A7ACF8232B4EF62F00192B72 /* ExpandedPostCellWithStaticHeaderHeader.swift in Sources */,
				A70651B92B4A273700A6CE3A /* PostPreview.swift in Sources */,
				A752E3072B4778020007842A /* X.swift in Sources */,
				A7800E412B4E276C00AF8492 /* BadgeDiplayer.swift in Sources */,
				A7CAC37E2B52502400199A19 /* MessageThreadCellSingle.swift in Sources */,
				A74BA8A72B477AB400F62D08 /* UploadComment.swift in Sources */,
				A74BA9322B478FFE00F62D08 /* PostCell.swift in Sources */,
				A74BA8962B477A6E00F62D08 /* Theme.swift in Sources */,
				A7800E3B2B4E262E00AF8492 /* AlphaTesterBadge.swift in Sources */,
				A74BA9112B478F0700F62D08 /* LoginControllerView.swift in Sources */,
				A74BA8772B4779A200F62D08 /* User.swift in Sources */,
				A74BA8EC2B478E2C00F62D08 /* MainTabControllerView.swift in Sources */,
				A74BA9402B47902300F62D08 /* PostCellExpandedHeader.swift in Sources */,
				A74BA8B32B477ADD00F62D08 /* CropImageViewController.swift in Sources */,
				A7CAC3662B51523A00199A19 /* CreateNewMessageView.swift in Sources */,
				A7CAC3782B523A5A00199A19 /* ThreadsManager.swift in Sources */,
				A74BA93C2B47902300F62D08 /* PostCellExpandedComments.swift in Sources */,
				A74BA8C62B477C4700F62D08 /* EventsHorizontalScroll.swift in Sources */,
				A74BA8C32B477C4700F62D08 /* UserResultCell.swift in Sources */,
				A74BA8FC2B478EA500F62D08 /* EditProfileView.swift in Sources */,
				A74BA9472B47905300F62D08 /* SettingsView.swift in Sources */,
				A74BA8C52B477C4700F62D08 /* CommentCell.swift in Sources */,
				A7EF1F5A2B4B2B1000B0F12C /* PostCellExpandedBody2.swift in Sources */,
				A74BA8B72B477ADD00F62D08 /* ErrorMessageStrings.swift in Sources */,
				A74BA90F2B478F0700F62D08 /* SelectUsernameAltView.swift in Sources */,
				A7CAC3622B514DC700199A19 /* MessageView.swift in Sources */,
				A7CAC37C2B524F1F00199A19 /* SquareGroupChatPicture.swift in Sources */,
				A74BA8952B477A6E00F62D08 /* IGTextFieldModifier.swift in Sources */,
				A70651B22B49F16800A6CE3A /* FollowingView.swift in Sources */,
				A74BA8A92B477AB400F62D08 /* UploadProfileImage.swift in Sources */,
				A7800E3D2B4E263A00AF8492 /* PublicFigureBadge.swift in Sources */,
				A74BA9312B478FFE00F62D08 /* PostCellHeader.swift in Sources */,
				A752E3022B4777170007842A /* ContentView.swift in Sources */,
				A74BA9182B478F5C00F62D08 /* AltUserProfileView.swift in Sources */,
				A742A9CB2B4DBD9B00F956B7 /* UserFavoriteSports.swift in Sources */,
				A74BA8A22B477A9B00F62D08 /* FetchService.swift in Sources */,
				A74BA8B82B477ADD00F62D08 /* DeepLink.swift in Sources */,
				A7EF1F642B4B625F00B0F12C /* FullLengthPostImageView.swift in Sources */,
				A7EF1F582B4B298B00B0F12C /* PostCellBody2.swift in Sources */,
				A74BA9002B478EDB00F62D08 /* FirstOpenView.swift in Sources */,
				A70651BE2B4A418F00A6CE3A /* ProgressWheel.swift in Sources */,
				A74BA8B42B477ADD00F62D08 /* DateFormatter.swift in Sources */,
				A74BA89F2B477A9B00F62D08 /* UserService.swift in Sources */,
				A7ACF81D2B4EF48400192B72 /* PostCellWithStaticHeaderHeader.swift in Sources */,
				A74BA8AA2B477AB400F62D08 /* ImageUploader.swift in Sources */,
				A7ACF8202B4EF60800192B72 /* ExpandedPostCellWithStaticHeader.swift in Sources */,
				A74BA8B52B477ADD00F62D08 /* HideKeyboard.swift in Sources */,
				A7CAC35B2B513E7100199A19 /* Thread.swift in Sources */,
				A70651B42B4A02F000A6CE3A /* FollowsResultCell.swift in Sources */,
				A74BA8812B4779A200F62D08 /* PostLike.swift in Sources */,
				A70651C02B4A5A7200A6CE3A /* MiniEventCell.swift in Sources */,
				A7CAC35F2B5140D100199A19 /* UploadMessage.swift in Sources */,
				A74BA9092B478EF200F62D08 /* SelectUsernameView.swift in Sources */,
				A74BA89D2B477A9B00F62D08 /* PostService.swift in Sources */,
				A74BA9082B478EF200F62D08 /* CreateAccountControllerView.swift in Sources */,
				A742A9C32B4C93FE00F956B7 /* NewUserWelcomeView.swift in Sources */,
				A74BA9122B478F0700F62D08 /* WelcomeAltView.swift in Sources */,
				A74BA9462B47905300F62D08 /* AccountInfoView.swift in Sources */,
				A74BA9252B478FB800F62D08 /* EventView.swift in Sources */,
				A74BA8B22B477ADD00F62D08 /* Checks.swift in Sources */,
				A74BA8B62B477ADD00F62D08 /* CropProfileImageViewController.swift in Sources */,
				A70651B02B49E1C000A6CE3A /* FollowersView.swift in Sources */,
				A74BA8FB2B478EA500F62D08 /* UserProfileView.swift in Sources */,
				A7693AB02B4E03EA00286344 /* UserBadgeSettings.swift in Sources */,
				A70651BC2B4A2A4E00A6CE3A /* PostPreviewImages.swift in Sources */,
				A74BA87B2B4779A200F62D08 /* Comment.swift in Sources */,
				A7ACF8182B4EE92A00192B72 /* NotificationService.swift in Sources */,
				A742A9C72B4D20CE00F956B7 /* UserNotificationSettings.swift in Sources */,
				A74BA9102B478F0700F62D08 /* LoginView.swift in Sources */,
				A7CAC36E2B51C70B00199A19 /* CreateNewMessageViewReceivingUsers.swift in Sources */,
				A7CAC3702B51CFE400199A19 /* CreateNewMessageViewSearchResults.swift in Sources */,
				A7CAC36C2B51588900199A19 /* MessageViewHeader.swift in Sources */,
				A74BA87D2B4779A200F62D08 /* CommentLike.swift in Sources */,
				A742A9C52B4CD3AA00F956B7 /* NotificationsSettingsView.swift in Sources */,
				A74BA93B2B47902300F62D08 /* PostCellExpandedTextBox.swift in Sources */,
				A74BA93D2B47902300F62D08 /* PostCellExpandedFooter.swift in Sources */,
				A7CAC3722B51D0BD00199A19 /* CreateNewMessageViewSearchBar.swift in Sources */,
			);
			runOnlyForDeploymentPostprocessing = 0;
		};
/* End PBXSourcesBuildPhase section */

/* Begin XCBuildConfiguration section */
		A752E2BE2B4773560007842A /* Debug */ = {
			isa = XCBuildConfiguration;
			buildSettings = {
				ALWAYS_SEARCH_USER_PATHS = NO;
				ASSETCATALOG_COMPILER_GENERATE_SWIFT_ASSET_SYMBOL_EXTENSIONS = YES;
				CLANG_ANALYZER_NONNULL = YES;
				CLANG_ANALYZER_NUMBER_OBJECT_CONVERSION = YES_AGGRESSIVE;
				CLANG_CXX_LANGUAGE_STANDARD = "gnu++20";
				CLANG_ENABLE_MODULES = YES;
				CLANG_ENABLE_OBJC_ARC = YES;
				CLANG_ENABLE_OBJC_WEAK = YES;
				CLANG_WARN_BLOCK_CAPTURE_AUTORELEASING = YES;
				CLANG_WARN_BOOL_CONVERSION = YES;
				CLANG_WARN_COMMA = YES;
				CLANG_WARN_CONSTANT_CONVERSION = YES;
				CLANG_WARN_DEPRECATED_OBJC_IMPLEMENTATIONS = YES;
				CLANG_WARN_DIRECT_OBJC_ISA_USAGE = YES_ERROR;
				CLANG_WARN_DOCUMENTATION_COMMENTS = YES;
				CLANG_WARN_EMPTY_BODY = YES;
				CLANG_WARN_ENUM_CONVERSION = YES;
				CLANG_WARN_INFINITE_RECURSION = YES;
				CLANG_WARN_INT_CONVERSION = YES;
				CLANG_WARN_NON_LITERAL_NULL_CONVERSION = YES;
				CLANG_WARN_OBJC_IMPLICIT_RETAIN_SELF = YES;
				CLANG_WARN_OBJC_LITERAL_CONVERSION = YES;
				CLANG_WARN_OBJC_ROOT_CLASS = YES_ERROR;
				CLANG_WARN_QUOTED_INCLUDE_IN_FRAMEWORK_HEADER = YES;
				CLANG_WARN_RANGE_LOOP_ANALYSIS = YES;
				CLANG_WARN_STRICT_PROTOTYPES = YES;
				CLANG_WARN_SUSPICIOUS_MOVE = YES;
				CLANG_WARN_UNGUARDED_AVAILABILITY = YES_AGGRESSIVE;
				CLANG_WARN_UNREACHABLE_CODE = YES;
				CLANG_WARN__DUPLICATE_METHOD_MATCH = YES;
				COPY_PHASE_STRIP = NO;
				DEBUG_INFORMATION_FORMAT = dwarf;
				ENABLE_STRICT_OBJC_MSGSEND = YES;
				ENABLE_TESTABILITY = YES;
				ENABLE_USER_SCRIPT_SANDBOXING = YES;
				GCC_C_LANGUAGE_STANDARD = gnu17;
				GCC_DYNAMIC_NO_PIC = NO;
				GCC_NO_COMMON_BLOCKS = YES;
				GCC_OPTIMIZATION_LEVEL = 0;
				GCC_PREPROCESSOR_DEFINITIONS = (
					"DEBUG=1",
					"$(inherited)",
				);
				GCC_WARN_64_TO_32_BIT_CONVERSION = YES;
				GCC_WARN_ABOUT_RETURN_TYPE = YES_ERROR;
				GCC_WARN_UNDECLARED_SELECTOR = YES;
				GCC_WARN_UNINITIALIZED_AUTOS = YES_AGGRESSIVE;
				GCC_WARN_UNUSED_FUNCTION = YES;
				GCC_WARN_UNUSED_VARIABLE = YES;
				IPHONEOS_DEPLOYMENT_TARGET = 17.0;
				LOCALIZATION_PREFERS_STRING_CATALOGS = YES;
				MTL_ENABLE_DEBUG_INFO = INCLUDE_SOURCE;
				MTL_FAST_MATH = YES;
				ONLY_ACTIVE_ARCH = YES;
				SDKROOT = iphoneos;
				SWIFT_ACTIVE_COMPILATION_CONDITIONS = "DEBUG $(inherited)";
				SWIFT_OPTIMIZATION_LEVEL = "-Onone";
			};
			name = Debug;
		};
		A752E2BF2B4773560007842A /* Release */ = {
			isa = XCBuildConfiguration;
			buildSettings = {
				ALWAYS_SEARCH_USER_PATHS = NO;
				ASSETCATALOG_COMPILER_GENERATE_SWIFT_ASSET_SYMBOL_EXTENSIONS = YES;
				CLANG_ANALYZER_NONNULL = YES;
				CLANG_ANALYZER_NUMBER_OBJECT_CONVERSION = YES_AGGRESSIVE;
				CLANG_CXX_LANGUAGE_STANDARD = "gnu++20";
				CLANG_ENABLE_MODULES = YES;
				CLANG_ENABLE_OBJC_ARC = YES;
				CLANG_ENABLE_OBJC_WEAK = YES;
				CLANG_WARN_BLOCK_CAPTURE_AUTORELEASING = YES;
				CLANG_WARN_BOOL_CONVERSION = YES;
				CLANG_WARN_COMMA = YES;
				CLANG_WARN_CONSTANT_CONVERSION = YES;
				CLANG_WARN_DEPRECATED_OBJC_IMPLEMENTATIONS = YES;
				CLANG_WARN_DIRECT_OBJC_ISA_USAGE = YES_ERROR;
				CLANG_WARN_DOCUMENTATION_COMMENTS = YES;
				CLANG_WARN_EMPTY_BODY = YES;
				CLANG_WARN_ENUM_CONVERSION = YES;
				CLANG_WARN_INFINITE_RECURSION = YES;
				CLANG_WARN_INT_CONVERSION = YES;
				CLANG_WARN_NON_LITERAL_NULL_CONVERSION = YES;
				CLANG_WARN_OBJC_IMPLICIT_RETAIN_SELF = YES;
				CLANG_WARN_OBJC_LITERAL_CONVERSION = YES;
				CLANG_WARN_OBJC_ROOT_CLASS = YES_ERROR;
				CLANG_WARN_QUOTED_INCLUDE_IN_FRAMEWORK_HEADER = YES;
				CLANG_WARN_RANGE_LOOP_ANALYSIS = YES;
				CLANG_WARN_STRICT_PROTOTYPES = YES;
				CLANG_WARN_SUSPICIOUS_MOVE = YES;
				CLANG_WARN_UNGUARDED_AVAILABILITY = YES_AGGRESSIVE;
				CLANG_WARN_UNREACHABLE_CODE = YES;
				CLANG_WARN__DUPLICATE_METHOD_MATCH = YES;
				COPY_PHASE_STRIP = NO;
				DEBUG_INFORMATION_FORMAT = "dwarf-with-dsym";
				ENABLE_NS_ASSERTIONS = NO;
				ENABLE_STRICT_OBJC_MSGSEND = YES;
				ENABLE_USER_SCRIPT_SANDBOXING = YES;
				GCC_C_LANGUAGE_STANDARD = gnu17;
				GCC_NO_COMMON_BLOCKS = YES;
				GCC_WARN_64_TO_32_BIT_CONVERSION = YES;
				GCC_WARN_ABOUT_RETURN_TYPE = YES_ERROR;
				GCC_WARN_UNDECLARED_SELECTOR = YES;
				GCC_WARN_UNINITIALIZED_AUTOS = YES_AGGRESSIVE;
				GCC_WARN_UNUSED_FUNCTION = YES;
				GCC_WARN_UNUSED_VARIABLE = YES;
				IPHONEOS_DEPLOYMENT_TARGET = 17.0;
				LOCALIZATION_PREFERS_STRING_CATALOGS = YES;
				MTL_ENABLE_DEBUG_INFO = NO;
				MTL_FAST_MATH = YES;
				SDKROOT = iphoneos;
				SWIFT_COMPILATION_MODE = wholemodule;
				VALIDATE_PRODUCT = YES;
			};
			name = Release;
		};
		A752E2C12B4773560007842A /* Debug */ = {
			isa = XCBuildConfiguration;
			buildSettings = {
				ASSETCATALOG_COMPILER_APPICON_NAME = AppIcon;
				ASSETCATALOG_COMPILER_GLOBAL_ACCENT_COLOR_NAME = AccentColor;
				CODE_SIGN_ENTITLEMENTS = "Elo Book/Elo Book.entitlements";
				CODE_SIGN_STYLE = Automatic;
				CURRENT_PROJECT_VERSION = 1;
				DEVELOPMENT_ASSET_PATHS = "\"Elo Book/Preview Content\"";
				DEVELOPMENT_TEAM = 5Y3YU386HL;
				ENABLE_PREVIEWS = YES;
				GENERATE_INFOPLIST_FILE = YES;
				INFOPLIST_FILE = "Elo-Book-Info.plist";
				INFOPLIST_KEY_CFBundleDisplayName = "Elo Book";
				INFOPLIST_KEY_LSApplicationCategoryType = "public.app-category.social-networking";
				INFOPLIST_KEY_UIApplicationSceneManifest_Generation = YES;
				INFOPLIST_KEY_UIApplicationSupportsIndirectInputEvents = YES;
				INFOPLIST_KEY_UILaunchScreen_Generation = YES;
				INFOPLIST_KEY_UISupportedInterfaceOrientations = UIInterfaceOrientationPortrait;
				INFOPLIST_KEY_UISupportedInterfaceOrientations_iPad = "UIInterfaceOrientationLandscapeLeft UIInterfaceOrientationLandscapeRight UIInterfaceOrientationPortrait UIInterfaceOrientationPortraitUpsideDown";
				IPHONEOS_DEPLOYMENT_TARGET = 17.0;
				LD_RUNPATH_SEARCH_PATHS = (
					"$(inherited)",
					"@executable_path/Frameworks",
				);
				MARKETING_VERSION = 1.0;
				PRODUCT_BUNDLE_IDENTIFIER = "org.elobook.Elo-Book";
				PRODUCT_NAME = "$(TARGET_NAME)";
				SUPPORTED_PLATFORMS = "iphoneos iphonesimulator";
				SUPPORTS_MACCATALYST = NO;
				SUPPORTS_MAC_DESIGNED_FOR_IPHONE_IPAD = NO;
				SUPPORTS_XR_DESIGNED_FOR_IPHONE_IPAD = NO;
				SWIFT_EMIT_LOC_STRINGS = YES;
				SWIFT_VERSION = 5.0;
				TARGETED_DEVICE_FAMILY = 1;
			};
			name = Debug;
		};
		A752E2C22B4773560007842A /* Release */ = {
			isa = XCBuildConfiguration;
			buildSettings = {
				ASSETCATALOG_COMPILER_APPICON_NAME = AppIcon;
				ASSETCATALOG_COMPILER_GLOBAL_ACCENT_COLOR_NAME = AccentColor;
				CODE_SIGN_ENTITLEMENTS = "Elo Book/Elo Book.entitlements";
				CODE_SIGN_STYLE = Automatic;
				CURRENT_PROJECT_VERSION = 1;
				DEVELOPMENT_ASSET_PATHS = "\"Elo Book/Preview Content\"";
				DEVELOPMENT_TEAM = 5Y3YU386HL;
				ENABLE_PREVIEWS = YES;
				GENERATE_INFOPLIST_FILE = YES;
				INFOPLIST_FILE = "Elo-Book-Info.plist";
				INFOPLIST_KEY_CFBundleDisplayName = "Elo Book";
				INFOPLIST_KEY_LSApplicationCategoryType = "public.app-category.social-networking";
				INFOPLIST_KEY_UIApplicationSceneManifest_Generation = YES;
				INFOPLIST_KEY_UIApplicationSupportsIndirectInputEvents = YES;
				INFOPLIST_KEY_UILaunchScreen_Generation = YES;
				INFOPLIST_KEY_UISupportedInterfaceOrientations = UIInterfaceOrientationPortrait;
				INFOPLIST_KEY_UISupportedInterfaceOrientations_iPad = "UIInterfaceOrientationLandscapeLeft UIInterfaceOrientationLandscapeRight UIInterfaceOrientationPortrait UIInterfaceOrientationPortraitUpsideDown";
				IPHONEOS_DEPLOYMENT_TARGET = 17.0;
				LD_RUNPATH_SEARCH_PATHS = (
					"$(inherited)",
					"@executable_path/Frameworks",
				);
				MARKETING_VERSION = 1.0;
				PRODUCT_BUNDLE_IDENTIFIER = "org.elobook.Elo-Book";
				PRODUCT_NAME = "$(TARGET_NAME)";
				SUPPORTED_PLATFORMS = "iphoneos iphonesimulator";
				SUPPORTS_MACCATALYST = NO;
				SUPPORTS_MAC_DESIGNED_FOR_IPHONE_IPAD = NO;
				SUPPORTS_XR_DESIGNED_FOR_IPHONE_IPAD = NO;
				SWIFT_EMIT_LOC_STRINGS = YES;
				SWIFT_VERSION = 5.0;
				TARGETED_DEVICE_FAMILY = 1;
			};
			name = Release;
		};
/* End XCBuildConfiguration section */

/* Begin XCConfigurationList section */
		A752E2AB2B4773550007842A /* Build configuration list for PBXProject "Elo Book" */ = {
			isa = XCConfigurationList;
			buildConfigurations = (
				A752E2BE2B4773560007842A /* Debug */,
				A752E2BF2B4773560007842A /* Release */,
			);
			defaultConfigurationIsVisible = 0;
			defaultConfigurationName = Release;
		};
		A752E2C02B4773560007842A /* Build configuration list for PBXNativeTarget "Elo Book" */ = {
			isa = XCConfigurationList;
			buildConfigurations = (
				A752E2C12B4773560007842A /* Debug */,
				A752E2C22B4773560007842A /* Release */,
			);
			defaultConfigurationIsVisible = 0;
			defaultConfigurationName = Release;
		};
/* End XCConfigurationList section */

/* Begin XCRemoteSwiftPackageReference section */
		A74BA8822B4779BF00F62D08 /* XCRemoteSwiftPackageReference "Kingfisher" */ = {
			isa = XCRemoteSwiftPackageReference;
			repositoryURL = "https://github.com/onevcat/Kingfisher.git";
			requirement = {
				kind = upToNextMajorVersion;
				minimumVersion = 7.10.1;
			};
		};
		A74BA8852B4779DB00F62D08 /* XCRemoteSwiftPackageReference "TOCropViewController" */ = {
			isa = XCRemoteSwiftPackageReference;
			repositoryURL = "https://github.com/TimOliver/TOCropViewController.git";
			requirement = {
				kind = upToNextMajorVersion;
				minimumVersion = 2.6.1;
			};
		};
		A74BA88A2B4779E800F62D08 /* XCRemoteSwiftPackageReference "ImageCropper" */ = {
			isa = XCRemoteSwiftPackageReference;
			repositoryURL = "https://github.com/marshallino16/ImageCropper.git";
			requirement = {
				branch = master;
				kind = branch;
			};
		};
		A752E2C52B4775880007842A /* XCRemoteSwiftPackageReference "firebase-ios-sdk" */ = {
			isa = XCRemoteSwiftPackageReference;
			repositoryURL = "https://github.com/firebase/firebase-ios-sdk.git";
			requirement = {
				kind = upToNextMajorVersion;
				minimumVersion = 10.19.1;
			};
		};
/* End XCRemoteSwiftPackageReference section */

/* Begin XCSwiftPackageProductDependency section */
		A74BA8832B4779BF00F62D08 /* Kingfisher */ = {
			isa = XCSwiftPackageProductDependency;
			package = A74BA8822B4779BF00F62D08 /* XCRemoteSwiftPackageReference "Kingfisher" */;
			productName = Kingfisher;
		};
		A74BA8862B4779DB00F62D08 /* CropViewController */ = {
			isa = XCSwiftPackageProductDependency;
			package = A74BA8852B4779DB00F62D08 /* XCRemoteSwiftPackageReference "TOCropViewController" */;
			productName = CropViewController;
		};
		A74BA8882B4779DB00F62D08 /* TOCropViewController */ = {
			isa = XCSwiftPackageProductDependency;
			package = A74BA8852B4779DB00F62D08 /* XCRemoteSwiftPackageReference "TOCropViewController" */;
			productName = TOCropViewController;
		};
		A752E2C62B4775880007842A /* FirebaseAnalytics */ = {
			isa = XCSwiftPackageProductDependency;
			package = A752E2C52B4775880007842A /* XCRemoteSwiftPackageReference "firebase-ios-sdk" */;
			productName = FirebaseAnalytics;
		};
		A752E2C82B4775880007842A /* FirebaseAnalyticsOnDeviceConversion */ = {
			isa = XCSwiftPackageProductDependency;
			package = A752E2C52B4775880007842A /* XCRemoteSwiftPackageReference "firebase-ios-sdk" */;
			productName = FirebaseAnalyticsOnDeviceConversion;
		};
		A752E2CA2B4775880007842A /* FirebaseAnalyticsSwift */ = {
			isa = XCSwiftPackageProductDependency;
			package = A752E2C52B4775880007842A /* XCRemoteSwiftPackageReference "firebase-ios-sdk" */;
			productName = FirebaseAnalyticsSwift;
		};
		A752E2CC2B4775880007842A /* FirebaseAnalyticsWithoutAdIdSupport */ = {
			isa = XCSwiftPackageProductDependency;
			package = A752E2C52B4775880007842A /* XCRemoteSwiftPackageReference "firebase-ios-sdk" */;
			productName = FirebaseAnalyticsWithoutAdIdSupport;
		};
		A752E2CE2B4775880007842A /* FirebaseAppCheck */ = {
			isa = XCSwiftPackageProductDependency;
			package = A752E2C52B4775880007842A /* XCRemoteSwiftPackageReference "firebase-ios-sdk" */;
			productName = FirebaseAppCheck;
		};
		A752E2D02B4775880007842A /* FirebaseAppDistribution-Beta */ = {
			isa = XCSwiftPackageProductDependency;
			package = A752E2C52B4775880007842A /* XCRemoteSwiftPackageReference "firebase-ios-sdk" */;
			productName = "FirebaseAppDistribution-Beta";
		};
		A752E2D22B4775880007842A /* FirebaseAuth */ = {
			isa = XCSwiftPackageProductDependency;
			package = A752E2C52B4775880007842A /* XCRemoteSwiftPackageReference "firebase-ios-sdk" */;
			productName = FirebaseAuth;
		};
		A752E2D42B4775880007842A /* FirebaseAuthCombine-Community */ = {
			isa = XCSwiftPackageProductDependency;
			package = A752E2C52B4775880007842A /* XCRemoteSwiftPackageReference "firebase-ios-sdk" */;
			productName = "FirebaseAuthCombine-Community";
		};
		A752E2D62B4775880007842A /* FirebaseCrashlytics */ = {
			isa = XCSwiftPackageProductDependency;
			package = A752E2C52B4775880007842A /* XCRemoteSwiftPackageReference "firebase-ios-sdk" */;
			productName = FirebaseCrashlytics;
		};
		A752E2D82B4775880007842A /* FirebaseDatabase */ = {
			isa = XCSwiftPackageProductDependency;
			package = A752E2C52B4775880007842A /* XCRemoteSwiftPackageReference "firebase-ios-sdk" */;
			productName = FirebaseDatabase;
		};
		A752E2DA2B4775880007842A /* FirebaseDatabaseSwift */ = {
			isa = XCSwiftPackageProductDependency;
			package = A752E2C52B4775880007842A /* XCRemoteSwiftPackageReference "firebase-ios-sdk" */;
			productName = FirebaseDatabaseSwift;
		};
		A752E2DC2B4775880007842A /* FirebaseDynamicLinks */ = {
			isa = XCSwiftPackageProductDependency;
			package = A752E2C52B4775880007842A /* XCRemoteSwiftPackageReference "firebase-ios-sdk" */;
			productName = FirebaseDynamicLinks;
		};
		A752E2DE2B4775880007842A /* FirebaseFirestore */ = {
			isa = XCSwiftPackageProductDependency;
			package = A752E2C52B4775880007842A /* XCRemoteSwiftPackageReference "firebase-ios-sdk" */;
			productName = FirebaseFirestore;
		};
		A752E2E02B4775880007842A /* FirebaseFirestoreCombine-Community */ = {
			isa = XCSwiftPackageProductDependency;
			package = A752E2C52B4775880007842A /* XCRemoteSwiftPackageReference "firebase-ios-sdk" */;
			productName = "FirebaseFirestoreCombine-Community";
		};
		A752E2E22B4775880007842A /* FirebaseFirestoreSwift */ = {
			isa = XCSwiftPackageProductDependency;
			package = A752E2C52B4775880007842A /* XCRemoteSwiftPackageReference "firebase-ios-sdk" */;
			productName = FirebaseFirestoreSwift;
		};
		A752E2E42B4775880007842A /* FirebaseFunctions */ = {
			isa = XCSwiftPackageProductDependency;
			package = A752E2C52B4775880007842A /* XCRemoteSwiftPackageReference "firebase-ios-sdk" */;
			productName = FirebaseFunctions;
		};
		A752E2E62B4775880007842A /* FirebaseFunctionsCombine-Community */ = {
			isa = XCSwiftPackageProductDependency;
			package = A752E2C52B4775880007842A /* XCRemoteSwiftPackageReference "firebase-ios-sdk" */;
			productName = "FirebaseFunctionsCombine-Community";
		};
		A752E2E82B4775880007842A /* FirebaseInAppMessaging-Beta */ = {
			isa = XCSwiftPackageProductDependency;
			package = A752E2C52B4775880007842A /* XCRemoteSwiftPackageReference "firebase-ios-sdk" */;
			productName = "FirebaseInAppMessaging-Beta";
		};
		A752E2EA2B4775880007842A /* FirebaseInAppMessagingSwift-Beta */ = {
			isa = XCSwiftPackageProductDependency;
			package = A752E2C52B4775880007842A /* XCRemoteSwiftPackageReference "firebase-ios-sdk" */;
			productName = "FirebaseInAppMessagingSwift-Beta";
		};
		A752E2EC2B4775880007842A /* FirebaseInstallations */ = {
			isa = XCSwiftPackageProductDependency;
			package = A752E2C52B4775880007842A /* XCRemoteSwiftPackageReference "firebase-ios-sdk" */;
			productName = FirebaseInstallations;
		};
		A752E2EE2B4775880007842A /* FirebaseMLModelDownloader */ = {
			isa = XCSwiftPackageProductDependency;
			package = A752E2C52B4775880007842A /* XCRemoteSwiftPackageReference "firebase-ios-sdk" */;
			productName = FirebaseMLModelDownloader;
		};
		A752E2F02B4775880007842A /* FirebaseMessaging */ = {
			isa = XCSwiftPackageProductDependency;
			package = A752E2C52B4775880007842A /* XCRemoteSwiftPackageReference "firebase-ios-sdk" */;
			productName = FirebaseMessaging;
		};
		A752E2F22B4775880007842A /* FirebasePerformance */ = {
			isa = XCSwiftPackageProductDependency;
			package = A752E2C52B4775880007842A /* XCRemoteSwiftPackageReference "firebase-ios-sdk" */;
			productName = FirebasePerformance;
		};
		A752E2F42B4775880007842A /* FirebaseRemoteConfig */ = {
			isa = XCSwiftPackageProductDependency;
			package = A752E2C52B4775880007842A /* XCRemoteSwiftPackageReference "firebase-ios-sdk" */;
			productName = FirebaseRemoteConfig;
		};
		A752E2F62B4775880007842A /* FirebaseRemoteConfigSwift */ = {
			isa = XCSwiftPackageProductDependency;
			package = A752E2C52B4775880007842A /* XCRemoteSwiftPackageReference "firebase-ios-sdk" */;
			productName = FirebaseRemoteConfigSwift;
		};
		A752E2F82B4775880007842A /* FirebaseStorage */ = {
			isa = XCSwiftPackageProductDependency;
			package = A752E2C52B4775880007842A /* XCRemoteSwiftPackageReference "firebase-ios-sdk" */;
			productName = FirebaseStorage;
		};
		A752E2FA2B4775880007842A /* FirebaseStorageCombine-Community */ = {
			isa = XCSwiftPackageProductDependency;
			package = A752E2C52B4775880007842A /* XCRemoteSwiftPackageReference "firebase-ios-sdk" */;
			productName = "FirebaseStorageCombine-Community";
		};
/* End XCSwiftPackageProductDependency section */
	};
	rootObject = A752E2A82B4773550007842A /* Project object */;
}
